// !$*UTF8*$!
{
	archiveVersion = 1;
	classes = {
	};
	objectVersion = 46;
	objects = {

/* Begin PBXBuildFile section */
		04173D391A4123BD0012E133 /* Default-568h.png in Resources */ = {isa = PBXBuildFile; fileRef = 04173D341A4123BD0012E133 /* Default-568h.png */; };
		04173D3A1A4123BD0012E133 /* Default.png in Resources */ = {isa = PBXBuildFile; fileRef = 04173D351A4123BD0012E133 /* Default.png */; };
		04173D3B1A4123BD0012E133 /* icon.png in Resources */ = {isa = PBXBuildFile; fileRef = 04173D361A4123BD0012E133 /* icon.png */; };
		04173D3C1A4123BD0012E133 /* icon@2x.png in Resources */ = {isa = PBXBuildFile; fileRef = 04173D371A4123BD0012E133 /* icon@2x.png */; };
		04173D3D1A4123BD0012E133 /* icon_120.png in Resources */ = {isa = PBXBuildFile; fileRef = 04173D381A4123BD0012E133 /* icon_120.png */; };
		04173D401A4128350012E133 /* Localizable.strings in Resources */ = {isa = PBXBuildFile; fileRef = 04173D421A4128350012E133 /* Localizable.strings */; };
		04387CDF1A4A7D83006CBA8E /* IMGroupListViewController.m in Sources */ = {isa = PBXBuildFile; fileRef = 04387CDE1A4A7D83006CBA8E /* IMGroupListViewController.m */; };
		04387CE21A4A7DA8006CBA8E /* IMGroupInfoViewController.m in Sources */ = {isa = PBXBuildFile; fileRef = 04387CE11A4A7DA8006CBA8E /* IMGroupInfoViewController.m */; };
		04387CE51A4AA3ED006CBA8E /* IMGroupMemberHeadersView.m in Sources */ = {isa = PBXBuildFile; fileRef = 04387CE41A4AA3ED006CBA8E /* IMGroupMemberHeadersView.m */; };
		04387CE81A4AA4DB006CBA8E /* IMHeadIcon.m in Sources */ = {isa = PBXBuildFile; fileRef = 04387CE71A4AA4DB006CBA8E /* IMHeadIcon.m */; };
		044996951A56576600C5A911 /* IM_alert_image@2x.png in Resources */ = {isa = PBXBuildFile; fileRef = 0449968B1A56576600C5A911 /* IM_alert_image@2x.png */; };
		0449969B1A56576600C5A911 /* IM_failed_image@2x.png in Resources */ = {isa = PBXBuildFile; fileRef = 044996911A56576600C5A911 /* IM_failed_image@2x.png */; };
		0449969C1A56576600C5A911 /* IM_success_image@2x.png in Resources */ = {isa = PBXBuildFile; fileRef = 044996921A56576600C5A911 /* IM_success_image@2x.png */; };
		0449DBB01A51732400A19BBC /* MBProgressHUD.m in Sources */ = {isa = PBXBuildFile; fileRef = 0449DBAF1A51732400A19BBC /* MBProgressHUD.m */; };
		044CF4841A37EC2C004A641F /* SFCountdownView.m in Sources */ = {isa = PBXBuildFile; fileRef = 044CF4831A37EC2C004A641F /* SFCountdownView.m */; };
		044CF4881A37F1A7004A641F /* IMSearchUserViewController.m in Sources */ = {isa = PBXBuildFile; fileRef = 044CF4871A37F1A7004A641F /* IMSearchUserViewController.m */; };
		044CF4901A3801C6004A641F /* IMUserInformationViewController.m in Sources */ = {isa = PBXBuildFile; fileRef = 044CF48F1A3801C6004A641F /* IMUserInformationViewController.m */; };
		044CF4931A3805E3004A641F /* UIView+IM.m in Sources */ = {isa = PBXBuildFile; fileRef = 044CF4921A3805E3004A641F /* UIView+IM.m */; };
		044CF49B1A381FAE004A641F /* IMUserInfo.m in Sources */ = {isa = PBXBuildFile; fileRef = 044CF49A1A381FAE004A641F /* IMUserInfo.m */; };
		044CF4A41A384243004A641F /* IMFriendRequestViewController.m in Sources */ = {isa = PBXBuildFile; fileRef = 044CF4A31A384243004A641F /* IMFriendRequestViewController.m */; };
		044F72E41A3ACD02003BDD96 /* IMSettingTableViewCell.m in Sources */ = {isa = PBXBuildFile; fileRef = 044F72E31A3ACD02003BDD96 /* IMSettingTableViewCell.m */; };
		044F733A1A3AD0CC003BDD96 /* IMMyselfInfoEditViewController.m in Sources */ = {isa = PBXBuildFile; fileRef = 044F73391A3AD0CC003BDD96 /* IMMyselfInfoEditViewController.m */; };
		044F733C1A3AD978003BDD96 /* IM_login_background.png in Resources */ = {isa = PBXBuildFile; fileRef = 044F733B1A3AD978003BDD96 /* IM_login_background.png */; };
		044F733E1A3ADAEC003BDD96 /* IM_loginBtn_background.png in Resources */ = {isa = PBXBuildFile; fileRef = 044F733D1A3ADAEC003BDD96 /* IM_loginBtn_background.png */; };
		044F73411A3B0A1B003BDD96 /* IMModifyPasswordViewController.m in Sources */ = {isa = PBXBuildFile; fileRef = 044F73401A3B0A1B003BDD96 /* IMModifyPasswordViewController.m */; };
		046A745D1AC94B8C00B950A7 /* libIMSDK.a in Frameworks */ = {isa = PBXBuildFile; fileRef = 046A740F1AC94B8C00B950A7 /* libIMSDK.a */; };
		046A745E1AC94B8C00B950A7 /* IM_login_background.png in Resources */ = {isa = PBXBuildFile; fileRef = 046A74311AC94B8C00B950A7 /* IM_login_background.png */; };
		046A745F1AC94B8C00B950A7 /* IM_login_checkOff.png in Resources */ = {isa = PBXBuildFile; fileRef = 046A74321AC94B8C00B950A7 /* IM_login_checkOff.png */; };
		046A74601AC94B8C00B950A7 /* IM_login_checkOn.png in Resources */ = {isa = PBXBuildFile; fileRef = 046A74331AC94B8C00B950A7 /* IM_login_checkOn.png */; };
		046A74611AC94B8C00B950A7 /* IM_login_key@2x.png in Resources */ = {isa = PBXBuildFile; fileRef = 046A74341AC94B8C00B950A7 /* IM_login_key@2x.png */; };
		046A74621AC94B8C00B950A7 /* IM_login_key_highlighted@2x.png in Resources */ = {isa = PBXBuildFile; fileRef = 046A74351AC94B8C00B950A7 /* IM_login_key_highlighted@2x.png */; };
		046A74631AC94B8C00B950A7 /* IM_login_user@2x.png in Resources */ = {isa = PBXBuildFile; fileRef = 046A74361AC94B8C00B950A7 /* IM_login_user@2x.png */; };
		046A74641AC94B8C00B950A7 /* IM_login_user_highlighted@2x.png in Resources */ = {isa = PBXBuildFile; fileRef = 046A74371AC94B8C00B950A7 /* IM_login_user_highlighted@2x.png */; };
		046A74651AC94B8C00B950A7 /* IM_loginBtn_background@2x.png in Resources */ = {isa = PBXBuildFile; fileRef = 046A74381AC94B8C00B950A7 /* IM_loginBtn_background@2x.png */; };
		046A74661AC94B8C00B950A7 /* amp1.png in Resources */ = {isa = PBXBuildFile; fileRef = 046A743E1AC94B8C00B950A7 /* amp1.png */; };
		046A74671AC94B8C00B950A7 /* amp2.png in Resources */ = {isa = PBXBuildFile; fileRef = 046A743F1AC94B8C00B950A7 /* amp2.png */; };
		046A74681AC94B8C00B950A7 /* amp3.png in Resources */ = {isa = PBXBuildFile; fileRef = 046A74401AC94B8C00B950A7 /* amp3.png */; };
		046A74691AC94B8C00B950A7 /* amp4.png in Resources */ = {isa = PBXBuildFile; fileRef = 046A74411AC94B8C00B950A7 /* amp4.png */; };
		046A746A1AC94B8C00B950A7 /* amp5.png in Resources */ = {isa = PBXBuildFile; fileRef = 046A74421AC94B8C00B950A7 /* amp5.png */; };
		046A746B1AC94B8C00B950A7 /* amp6.png in Resources */ = {isa = PBXBuildFile; fileRef = 046A74431AC94B8C00B950A7 /* amp6.png */; };
		046A746C1AC94B8C00B950A7 /* amp7.png in Resources */ = {isa = PBXBuildFile; fileRef = 046A74441AC94B8C00B950A7 /* amp7.png */; };
		046A746D1AC94B8C00B950A7 /* audio_cancel_icon.png in Resources */ = {isa = PBXBuildFile; fileRef = 046A74451AC94B8C00B950A7 /* audio_cancel_icon.png */; };
		046A746E1AC94B8C00B950A7 /* audio_phone_icon.png in Resources */ = {isa = PBXBuildFile; fileRef = 046A74461AC94B8C00B950A7 /* audio_phone_icon.png */; };
		046A746F1AC94B8C00B950A7 /* DTFace_normal@2x.png in Resources */ = {isa = PBXBuildFile; fileRef = 046A74471AC94B8C00B950A7 /* DTFace_normal@2x.png */; };
		046A74701AC94B8C00B950A7 /* DTFace_selected@2x.png in Resources */ = {isa = PBXBuildFile; fileRef = 046A74481AC94B8C00B950A7 /* DTFace_selected@2x.png */; };
		046A74711AC94B8C00B950A7 /* DTImageMask@2x.png in Resources */ = {isa = PBXBuildFile; fileRef = 046A74491AC94B8C00B950A7 /* DTImageMask@2x.png */; };
		046A74721AC94B8C00B950A7 /* DTKeyboard_normal@2x.png in Resources */ = {isa = PBXBuildFile; fileRef = 046A744A1AC94B8C00B950A7 /* DTKeyboard_normal@2x.png */; };
		046A74731AC94B8C00B950A7 /* DTKeyboard_selected@2x.png in Resources */ = {isa = PBXBuildFile; fileRef = 046A744B1AC94B8C00B950A7 /* DTKeyboard_selected@2x.png */; };
		046A74741AC94B8C00B950A7 /* DTMic_normal@2x.png in Resources */ = {isa = PBXBuildFile; fileRef = 046A744C1AC94B8C00B950A7 /* DTMic_normal@2x.png */; };
		046A74751AC94B8C00B950A7 /* DTMore_normal@2x.png in Resources */ = {isa = PBXBuildFile; fileRef = 046A744D1AC94B8C00B950A7 /* DTMore_normal@2x.png */; };
		046A74761AC94B8C00B950A7 /* DTMore_selected@2x.png in Resources */ = {isa = PBXBuildFile; fileRef = 046A744E1AC94B8C00B950A7 /* DTMore_selected@2x.png */; };
		046A74771AC94B8C00B950A7 /* IM_audio_normal@2x.png in Resources */ = {isa = PBXBuildFile; fileRef = 046A744F1AC94B8C00B950A7 /* IM_audio_normal@2x.png */; };
		046A74781AC94B8C00B950A7 /* IM_audio_play1@2x.png in Resources */ = {isa = PBXBuildFile; fileRef = 046A74501AC94B8C00B950A7 /* IM_audio_play1@2x.png */; };
		046A74791AC94B8C00B950A7 /* IM_audio_play2@2x.png in Resources */ = {isa = PBXBuildFile; fileRef = 046A74511AC94B8C00B950A7 /* IM_audio_play2@2x.png */; };
		046A747A1AC94B8C00B950A7 /* IM_audio_play3@2x.png in Resources */ = {isa = PBXBuildFile; fileRef = 046A74521AC94B8C00B950A7 /* IM_audio_play3@2x.png */; };
		046A747B1AC94B8C00B950A7 /* IM_camera_icon.png in Resources */ = {isa = PBXBuildFile; fileRef = 046A74531AC94B8C00B950A7 /* IM_camera_icon.png */; };
		046A747C1AC94B8C00B950A7 /* IM_chat_failed@2x.png in Resources */ = {isa = PBXBuildFile; fileRef = 046A74541AC94B8C00B950A7 /* IM_chat_failed@2x.png */; };
		046A747D1AC94B8C00B950A7 /* IM_head_default.png in Resources */ = {isa = PBXBuildFile; fileRef = 046A74551AC94B8C00B950A7 /* IM_head_default.png */; };
		046A747E1AC94B8C00B950A7 /* IM_head_female.png in Resources */ = {isa = PBXBuildFile; fileRef = 046A74561AC94B8C00B950A7 /* IM_head_female.png */; };
		046A747F1AC94B8C00B950A7 /* IM_head_male.png in Resources */ = {isa = PBXBuildFile; fileRef = 046A74571AC94B8C00B950A7 /* IM_head_male.png */; };
		046A74801AC94B8C00B950A7 /* IM_message_sending@2x.png in Resources */ = {isa = PBXBuildFile; fileRef = 046A74581AC94B8C00B950A7 /* IM_message_sending@2x.png */; };
		046A74811AC94B8C00B950A7 /* IM_photo_default@2x.png in Resources */ = {isa = PBXBuildFile; fileRef = 046A74591AC94B8C00B950A7 /* IM_photo_default@2x.png */; };
		046A74821AC94B8C00B950A7 /* IM_picture_icon.png in Resources */ = {isa = PBXBuildFile; fileRef = 046A745A1AC94B8C00B950A7 /* IM_picture_icon.png */; };
		046CA9381A497E2700C68A55 /* IMGroupDialogViewController.m in Sources */ = {isa = PBXBuildFile; fileRef = 046CA9371A497E2700C68A55 /* IMGroupDialogViewController.m */; };
		04752E8A1A4D46F000484C96 /* IMCreateGroupViewController.m in Sources */ = {isa = PBXBuildFile; fileRef = 04752E891A4D46F000484C96 /* IMCreateGroupViewController.m */; };
		047CFB741A399BB100A9619E /* IMContactTableViewCell.m in Sources */ = {isa = PBXBuildFile; fileRef = 047CFB731A399BB100A9619E /* IMContactTableViewCell.m */; };
		048807AC1A3EC76300F2C7DF /* IMAroundViewCell.m in Sources */ = {isa = PBXBuildFile; fileRef = 048807AB1A3EC76300F2C7DF /* IMAroundViewCell.m */; };
		048A16ED1A51D14A008E941B /* BDKNotifyHUD.m in Sources */ = {isa = PBXBuildFile; fileRef = 048A16EC1A51D14A008E941B /* BDKNotifyHUD.m */; };
		048D25771A51089600C04C22 /* IMBlackListViewController.m in Sources */ = {isa = PBXBuildFile; fileRef = 048D25761A51089600C04C22 /* IMBlackListViewController.m */; };
		0493E85F1A820A41001EEB8A /* pinyin.c in Sources */ = {isa = PBXBuildFile; fileRef = 0493E85B1A820A41001EEB8A /* pinyin.c */; settings = {COMPILER_FLAGS = "-fno-objc-arc"; }; };
		0493E8601A820A41001EEB8A /* POAPinyin.m in Sources */ = {isa = PBXBuildFile; fileRef = 0493E85E1A820A41001EEB8A /* POAPinyin.m */; settings = {COMPILER_FLAGS = "-fno-objc-arc"; }; };
		049A22191A3A03FA0025602F /* IMMyselfInfoViewController.m in Sources */ = {isa = PBXBuildFile; fileRef = 049A22181A3A03FA0025602F /* IMMyselfInfoViewController.m */; };
		049A221C1A3A0A540025602F /* IMMyselfInfoTableViewCell.m in Sources */ = {isa = PBXBuildFile; fileRef = 049A221B1A3A0A540025602F /* IMMyselfInfoTableViewCell.m */; };
		04A5EA5F1A384C6700BD29C9 /* IMUserDialogViewController.m in Sources */ = {isa = PBXBuildFile; fileRef = 04A5EA5E1A384C6700BD29C9 /* IMUserDialogViewController.m */; };
		04A5EA6D1A394E7100BD29C9 /* NSString+IM.m in Sources */ = {isa = PBXBuildFile; fileRef = 04A5EA6C1A394E7100BD29C9 /* NSString+IM.m */; };
		04B059B31A4C6E940013D368 /* IMSearchMemberViewController.m in Sources */ = {isa = PBXBuildFile; fileRef = 04B059B21A4C6E940013D368 /* IMSearchMemberViewController.m */; };
		04B45D411A4726D70094A85D /* icon_29.png in Resources */ = {isa = PBXBuildFile; fileRef = 04B45D3E1A4726D70094A85D /* icon_29.png */; };
		04B45D421A4726D70094A85D /* icon_58.png in Resources */ = {isa = PBXBuildFile; fileRef = 04B45D3F1A4726D70094A85D /* icon_58.png */; };
		04B45D431A4726D70094A85D /* icon_80.png in Resources */ = {isa = PBXBuildFile; fileRef = 04B45D401A4726D70094A85D /* icon_80.png */; };
		04D0FA641A4BF0F8004434F0 /* IM_delete_member.png in Resources */ = {isa = PBXBuildFile; fileRef = 04D0FA631A4BF0F8004434F0 /* IM_delete_member.png */; };
		04D0FA6A1A4C0422004434F0 /* IMAddGroupMemberViewController.m in Sources */ = {isa = PBXBuildFile; fileRef = 04D0FA691A4C0422004434F0 /* IMAddGroupMemberViewController.m */; };
		04D0FA6D1A4C239D004434F0 /* IMGroupInfoEditViewController.m in Sources */ = {isa = PBXBuildFile; fileRef = 04D0FA6C1A4C239D004434F0 /* IMGroupInfoEditViewController.m */; };
		04F0A61E1A36995F004417CF /* Foundation.framework in Frameworks */ = {isa = PBXBuildFile; fileRef = 04F0A61D1A36995F004417CF /* Foundation.framework */; };
		04F0A6201A36995F004417CF /* CoreGraphics.framework in Frameworks */ = {isa = PBXBuildFile; fileRef = 04F0A61F1A36995F004417CF /* CoreGraphics.framework */; };
		04F0A6221A36995F004417CF /* UIKit.framework in Frameworks */ = {isa = PBXBuildFile; fileRef = 04F0A6211A36995F004417CF /* UIKit.framework */; };
		04F0A6281A36995F004417CF /* InfoPlist.strings in Resources */ = {isa = PBXBuildFile; fileRef = 04F0A6261A36995F004417CF /* InfoPlist.strings */; };
		04F0A62A1A36995F004417CF /* main.m in Sources */ = {isa = PBXBuildFile; fileRef = 04F0A6291A36995F004417CF /* main.m */; };
		04F0A62E1A36995F004417CF /* IMAppDelegate.m in Sources */ = {isa = PBXBuildFile; fileRef = 04F0A62D1A36995F004417CF /* IMAppDelegate.m */; };
		04F0A6301A36995F004417CF /* Images.xcassets in Resources */ = {isa = PBXBuildFile; fileRef = 04F0A62F1A36995F004417CF /* Images.xcassets */; };
		04F0A6A21A36AF03004417CF /* QuartzCore.framework in Frameworks */ = {isa = PBXBuildFile; fileRef = 04F0A6A11A36AF03004417CF /* QuartzCore.framework */; };
		04F0A6A41A36AF0D004417CF /* ImageIO.framework in Frameworks */ = {isa = PBXBuildFile; fileRef = 04F0A6A31A36AF0D004417CF /* ImageIO.framework */; };
		04F0A6A61A36AF16004417CF /* CoreTelephony.framework in Frameworks */ = {isa = PBXBuildFile; fileRef = 04F0A6A51A36AF16004417CF /* CoreTelephony.framework */; };
		04F0A6A81A36AF21004417CF /* CoreLocation.framework in Frameworks */ = {isa = PBXBuildFile; fileRef = 04F0A6A71A36AF21004417CF /* CoreLocation.framework */; };
		04F0A6AA1A36AF3C004417CF /* SystemConfiguration.framework in Frameworks */ = {isa = PBXBuildFile; fileRef = 04F0A6A91A36AF3C004417CF /* SystemConfiguration.framework */; };
		04F0A6BA1A36B0CD004417CF /* IMLoginViewController.m in Sources */ = {isa = PBXBuildFile; fileRef = 04F0A6B81A36B0CD004417CF /* IMLoginViewController.m */; };
		04F0A6BD1A36B177004417CF /* IMRootViewController.m in Sources */ = {isa = PBXBuildFile; fileRef = 04F0A6BC1A36B177004417CF /* IMRootViewController.m */; };
		04F0A6C01A36B18F004417CF /* IMBaseViewController.m in Sources */ = {isa = PBXBuildFile; fileRef = 04F0A6BF1A36B18F004417CF /* IMBaseViewController.m */; };
		04F0A6C31A36B3AA004417CF /* IMConversationViewController.m in Sources */ = {isa = PBXBuildFile; fileRef = 04F0A6C21A36B3AA004417CF /* IMConversationViewController.m */; };
		04F0A6C71A36B471004417CF /* IMContactViewController.m in Sources */ = {isa = PBXBuildFile; fileRef = 04F0A6C61A36B471004417CF /* IMContactViewController.m */; };
		04F0A6CA1A36B480004417CF /* IMAroundViewController.m in Sources */ = {isa = PBXBuildFile; fileRef = 04F0A6C91A36B480004417CF /* IMAroundViewController.m */; };
		04F0A6CD1A36B496004417CF /* IMSettingViewController.m in Sources */ = {isa = PBXBuildFile; fileRef = 04F0A6CC1A36B496004417CF /* IMSettingViewController.m */; };
		04F0A6E21A36F60A004417CF /* IM_more_normal@2x.png in Resources */ = {isa = PBXBuildFile; fileRef = 04F0A6D21A36F60A004417CF /* IM_more_normal@2x.png */; };
		04F0A6E31A36F60A004417CF /* IM_around_normal@2x.png in Resources */ = {isa = PBXBuildFile; fileRef = 04F0A6D31A36F60A004417CF /* IM_around_normal@2x.png */; };
		04F0A6E41A36F60A004417CF /* IM_around_selected@2x.png in Resources */ = {isa = PBXBuildFile; fileRef = 04F0A6D41A36F60A004417CF /* IM_around_selected@2x.png */; };
		04F0A6E51A36F60A004417CF /* IM_contact_normal@2x.png in Resources */ = {isa = PBXBuildFile; fileRef = 04F0A6D51A36F60A004417CF /* IM_contact_normal@2x.png */; };
		04F0A6E61A36F60A004417CF /* IM_contact_selected@2x.png in Resources */ = {isa = PBXBuildFile; fileRef = 04F0A6D61A36F60A004417CF /* IM_contact_selected@2x.png */; };
		04F0A6E71A36F60A004417CF /* IM_conversation_normal@2x.png in Resources */ = {isa = PBXBuildFile; fileRef = 04F0A6D71A36F60A004417CF /* IM_conversation_normal@2x.png */; };
		04F0A6E81A36F60A004417CF /* IM_conversation_selected@2x.png in Resources */ = {isa = PBXBuildFile; fileRef = 04F0A6D81A36F60A004417CF /* IM_conversation_selected@2x.png */; };
		04F0A6E91A36F60A004417CF /* IM_setting_normal@2x.png in Resources */ = {isa = PBXBuildFile; fileRef = 04F0A6D91A36F60A004417CF /* IM_setting_normal@2x.png */; };
		04F0A6EA1A36F60A004417CF /* IM_setting_selected@2x.png in Resources */ = {isa = PBXBuildFile; fileRef = 04F0A6DA1A36F60A004417CF /* IM_setting_selected@2x.png */; };
		04F0A6EC1A36F60A004417CF /* IM_keyboard_normal@2x.png in Resources */ = {isa = PBXBuildFile; fileRef = 04F0A6DC1A36F60A004417CF /* IM_keyboard_normal@2x.png */; };
		04F0A6EF1A36F60A004417CF /* IM_face_normal@2x.png in Resources */ = {isa = PBXBuildFile; fileRef = 04F0A6DF1A36F60A004417CF /* IM_face_normal@2x.png */; };
		04F0A6F11A36F60A004417CF /* IM_mic_normal@2x.png in Resources */ = {isa = PBXBuildFile; fileRef = 04F0A6E11A36F60A004417CF /* IM_mic_normal@2x.png */; };
		04F0A6F51A36F8C1004417CF /* UIImage+IM.m in Sources */ = {isa = PBXBuildFile; fileRef = 04F0A6F41A36F8C1004417CF /* UIImage+IM.m */; };
		04F17FB11A66207F0020EFE1 /* IMSDKManager.m in Sources */ = {isa = PBXBuildFile; fileRef = 04F17FB01A66207F0020EFE1 /* IMSDKManager.m */; };
		04FCC0651ABFB1A8006F286F /* IMVersionInformationViewController.m in Sources */ = {isa = PBXBuildFile; fileRef = 04FCC0641ABFB1A8006F286F /* IMVersionInformationViewController.m */; };
/* End PBXBuildFile section */

/* Begin PBXFileReference section */
		04173D341A4123BD0012E133 /* Default-568h.png */ = {isa = PBXFileReference; lastKnownFileType = image.png; path = "Default-568h.png"; sourceTree = "<group>"; };
		04173D351A4123BD0012E133 /* Default.png */ = {isa = PBXFileReference; lastKnownFileType = image.png; path = Default.png; sourceTree = "<group>"; };
		04173D361A4123BD0012E133 /* icon.png */ = {isa = PBXFileReference; lastKnownFileType = image.png; path = icon.png; sourceTree = "<group>"; };
		04173D371A4123BD0012E133 /* icon@2x.png */ = {isa = PBXFileReference; lastKnownFileType = image.png; path = "icon@2x.png"; sourceTree = "<group>"; };
		04173D381A4123BD0012E133 /* icon_120.png */ = {isa = PBXFileReference; lastKnownFileType = image.png; path = icon_120.png; sourceTree = "<group>"; };
		04173D411A4128350012E133 /* en */ = {isa = PBXFileReference; lastKnownFileType = text.plist.strings; name = en; path = en.lproj/Localizable.strings; sourceTree = "<group>"; };
		04173D431A4128A90012E133 /* zh-Hans */ = {isa = PBXFileReference; lastKnownFileType = text.plist.strings; name = "zh-Hans"; path = "zh-Hans.lproj/InfoPlist.strings"; sourceTree = "<group>"; };
		04173D441A4128A90012E133 /* zh-Hans */ = {isa = PBXFileReference; lastKnownFileType = text.plist.strings; name = "zh-Hans"; path = "zh-Hans.lproj/Localizable.strings"; sourceTree = "<group>"; };
		04387CDD1A4A7D83006CBA8E /* IMGroupListViewController.h */ = {isa = PBXFileReference; fileEncoding = 4; lastKnownFileType = sourcecode.c.h; path = IMGroupListViewController.h; sourceTree = "<group>"; };
		04387CDE1A4A7D83006CBA8E /* IMGroupListViewController.m */ = {isa = PBXFileReference; fileEncoding = 4; lastKnownFileType = sourcecode.c.objc; path = IMGroupListViewController.m; sourceTree = "<group>"; };
		04387CE01A4A7DA8006CBA8E /* IMGroupInfoViewController.h */ = {isa = PBXFileReference; fileEncoding = 4; lastKnownFileType = sourcecode.c.h; path = IMGroupInfoViewController.h; sourceTree = "<group>"; };
		04387CE11A4A7DA8006CBA8E /* IMGroupInfoViewController.m */ = {isa = PBXFileReference; fileEncoding = 4; lastKnownFileType = sourcecode.c.objc; path = IMGroupInfoViewController.m; sourceTree = "<group>"; };
		04387CE31A4AA3ED006CBA8E /* IMGroupMemberHeadersView.h */ = {isa = PBXFileReference; fileEncoding = 4; lastKnownFileType = sourcecode.c.h; path = IMGroupMemberHeadersView.h; sourceTree = "<group>"; };
		04387CE41A4AA3ED006CBA8E /* IMGroupMemberHeadersView.m */ = {isa = PBXFileReference; fileEncoding = 4; lastKnownFileType = sourcecode.c.objc; path = IMGroupMemberHeadersView.m; sourceTree = "<group>"; };
		04387CE61A4AA4DB006CBA8E /* IMHeadIcon.h */ = {isa = PBXFileReference; fileEncoding = 4; lastKnownFileType = sourcecode.c.h; path = IMHeadIcon.h; sourceTree = "<group>"; };
		04387CE71A4AA4DB006CBA8E /* IMHeadIcon.m */ = {isa = PBXFileReference; fileEncoding = 4; lastKnownFileType = sourcecode.c.objc; path = IMHeadIcon.m; sourceTree = "<group>"; };
		0449968B1A56576600C5A911 /* IM_alert_image@2x.png */ = {isa = PBXFileReference; lastKnownFileType = image.png; path = "IM_alert_image@2x.png"; sourceTree = "<group>"; };
		044996911A56576600C5A911 /* IM_failed_image@2x.png */ = {isa = PBXFileReference; lastKnownFileType = image.png; path = "IM_failed_image@2x.png"; sourceTree = "<group>"; };
		044996921A56576600C5A911 /* IM_success_image@2x.png */ = {isa = PBXFileReference; lastKnownFileType = image.png; path = "IM_success_image@2x.png"; sourceTree = "<group>"; };
		0449DBAE1A51732400A19BBC /* MBProgressHUD.h */ = {isa = PBXFileReference; fileEncoding = 4; lastKnownFileType = sourcecode.c.h; path = MBProgressHUD.h; sourceTree = "<group>"; };
		0449DBAF1A51732400A19BBC /* MBProgressHUD.m */ = {isa = PBXFileReference; fileEncoding = 4; lastKnownFileType = sourcecode.c.objc; path = MBProgressHUD.m; sourceTree = "<group>"; };
		044CF4821A37EC2C004A641F /* SFCountdownView.h */ = {isa = PBXFileReference; fileEncoding = 4; lastKnownFileType = sourcecode.c.h; path = SFCountdownView.h; sourceTree = "<group>"; };
		044CF4831A37EC2C004A641F /* SFCountdownView.m */ = {isa = PBXFileReference; fileEncoding = 4; lastKnownFileType = sourcecode.c.objc; path = SFCountdownView.m; sourceTree = "<group>"; };
		044CF4861A37F1A7004A641F /* IMSearchUserViewController.h */ = {isa = PBXFileReference; fileEncoding = 4; lastKnownFileType = sourcecode.c.h; path = IMSearchUserViewController.h; sourceTree = "<group>"; };
		044CF4871A37F1A7004A641F /* IMSearchUserViewController.m */ = {isa = PBXFileReference; fileEncoding = 4; lastKnownFileType = sourcecode.c.objc; path = IMSearchUserViewController.m; sourceTree = "<group>"; };
		044CF48E1A3801C6004A641F /* IMUserInformationViewController.h */ = {isa = PBXFileReference; fileEncoding = 4; lastKnownFileType = sourcecode.c.h; path = IMUserInformationViewController.h; sourceTree = "<group>"; };
		044CF48F1A3801C6004A641F /* IMUserInformationViewController.m */ = {isa = PBXFileReference; fileEncoding = 4; lastKnownFileType = sourcecode.c.objc; path = IMUserInformationViewController.m; sourceTree = "<group>"; };
		044CF4911A3805E3004A641F /* UIView+IM.h */ = {isa = PBXFileReference; fileEncoding = 4; lastKnownFileType = sourcecode.c.h; path = "UIView+IM.h"; sourceTree = "<group>"; };
		044CF4921A3805E3004A641F /* UIView+IM.m */ = {isa = PBXFileReference; fileEncoding = 4; lastKnownFileType = sourcecode.c.objc; path = "UIView+IM.m"; sourceTree = "<group>"; };
		044CF4991A381FAE004A641F /* IMUserInfo.h */ = {isa = PBXFileReference; fileEncoding = 4; lastKnownFileType = sourcecode.c.h; path = IMUserInfo.h; sourceTree = "<group>"; };
		044CF49A1A381FAE004A641F /* IMUserInfo.m */ = {isa = PBXFileReference; fileEncoding = 4; lastKnownFileType = sourcecode.c.objc; path = IMUserInfo.m; sourceTree = "<group>"; };
		044CF4A21A384243004A641F /* IMFriendRequestViewController.h */ = {isa = PBXFileReference; fileEncoding = 4; lastKnownFileType = sourcecode.c.h; path = IMFriendRequestViewController.h; sourceTree = "<group>"; };
		044CF4A31A384243004A641F /* IMFriendRequestViewController.m */ = {isa = PBXFileReference; fileEncoding = 4; lastKnownFileType = sourcecode.c.objc; path = IMFriendRequestViewController.m; sourceTree = "<group>"; };
		044F72E21A3ACD02003BDD96 /* IMSettingTableViewCell.h */ = {isa = PBXFileReference; fileEncoding = 4; lastKnownFileType = sourcecode.c.h; path = IMSettingTableViewCell.h; sourceTree = "<group>"; };
		044F72E31A3ACD02003BDD96 /* IMSettingTableViewCell.m */ = {isa = PBXFileReference; fileEncoding = 4; lastKnownFileType = sourcecode.c.objc; path = IMSettingTableViewCell.m; sourceTree = "<group>"; };
		044F73381A3AD0CC003BDD96 /* IMMyselfInfoEditViewController.h */ = {isa = PBXFileReference; fileEncoding = 4; lastKnownFileType = sourcecode.c.h; path = IMMyselfInfoEditViewController.h; sourceTree = "<group>"; };
		044F73391A3AD0CC003BDD96 /* IMMyselfInfoEditViewController.m */ = {isa = PBXFileReference; fileEncoding = 4; lastKnownFileType = sourcecode.c.objc; path = IMMyselfInfoEditViewController.m; sourceTree = "<group>"; };
		044F733B1A3AD978003BDD96 /* IM_login_background.png */ = {isa = PBXFileReference; lastKnownFileType = image.png; path = IM_login_background.png; sourceTree = "<group>"; };
		044F733D1A3ADAEC003BDD96 /* IM_loginBtn_background.png */ = {isa = PBXFileReference; lastKnownFileType = image.png; path = IM_loginBtn_background.png; sourceTree = "<group>"; };
		044F733F1A3B0A1B003BDD96 /* IMModifyPasswordViewController.h */ = {isa = PBXFileReference; fileEncoding = 4; lastKnownFileType = sourcecode.c.h; path = IMModifyPasswordViewController.h; sourceTree = "<group>"; };
		044F73401A3B0A1B003BDD96 /* IMModifyPasswordViewController.m */ = {isa = PBXFileReference; fileEncoding = 4; lastKnownFileType = sourcecode.c.objc; path = IMModifyPasswordViewController.m; sourceTree = "<group>"; };
		046A740F1AC94B8C00B950A7 /* libIMSDK.a */ = {isa = PBXFileReference; lastKnownFileType = archive.ar; path = libIMSDK.a; sourceTree = "<group>"; };
		046A74121AC94B8C00B950A7 /* IMMyself+Around.h */ = {isa = PBXFileReference; fileEncoding = 4; lastKnownFileType = sourcecode.c.h; path = "IMMyself+Around.h"; sourceTree = "<group>"; };
		046A74131AC94B8C00B950A7 /* IMUserLocation.h */ = {isa = PBXFileReference; fileEncoding = 4; lastKnownFileType = sourcecode.c.h; path = IMUserLocation.h; sourceTree = "<group>"; };
		046A74151AC94B8C00B950A7 /* IMMyself+CustomMessage.h */ = {isa = PBXFileReference; fileEncoding = 4; lastKnownFileType = sourcecode.c.h; path = "IMMyself+CustomMessage.h"; sourceTree = "<group>"; };
		046A74171AC94B8C00B950A7 /* IMMyself+CustomUserInfo.h */ = {isa = PBXFileReference; fileEncoding = 4; lastKnownFileType = sourcecode.c.h; path = "IMMyself+CustomUserInfo.h"; sourceTree = "<group>"; };
		046A74181AC94B8C00B950A7 /* IMSDK+CustomUserInfo.h */ = {isa = PBXFileReference; fileEncoding = 4; lastKnownFileType = sourcecode.c.h; path = "IMSDK+CustomUserInfo.h"; sourceTree = "<group>"; };
		046A741A1AC94B8C00B950A7 /* IMGroupInfo.h */ = {isa = PBXFileReference; fileEncoding = 4; lastKnownFileType = sourcecode.c.h; path = IMGroupInfo.h; sourceTree = "<group>"; };
		046A741B1AC94B8C00B950A7 /* IMMyself+Group.h */ = {isa = PBXFileReference; fileEncoding = 4; lastKnownFileType = sourcecode.c.h; path = "IMMyself+Group.h"; sourceTree = "<group>"; };
		046A741C1AC94B8C00B950A7 /* IMSDK+Group.h */ = {isa = PBXFileReference; fileEncoding = 4; lastKnownFileType = sourcecode.c.h; path = "IMSDK+Group.h"; sourceTree = "<group>"; };
		046A741D1AC94B8C00B950A7 /* IMMyself.h */ = {isa = PBXFileReference; fileEncoding = 4; lastKnownFileType = sourcecode.c.h; path = IMMyself.h; sourceTree = "<group>"; };
		046A741E1AC94B8C00B950A7 /* IMSDK.h */ = {isa = PBXFileReference; fileEncoding = 4; lastKnownFileType = sourcecode.c.h; path = IMSDK.h; sourceTree = "<group>"; };
		046A74201AC94B8C00B950A7 /* IMSDK+LoginHistory.h */ = {isa = PBXFileReference; fileEncoding = 4; lastKnownFileType = sourcecode.c.h; path = "IMSDK+LoginHistory.h"; sourceTree = "<group>"; };
		046A74221AC94B8C00B950A7 /* IMMyself+MainPhoto.h */ = {isa = PBXFileReference; fileEncoding = 4; lastKnownFileType = sourcecode.c.h; path = "IMMyself+MainPhoto.h"; sourceTree = "<group>"; };
		046A74231AC94B8C00B950A7 /* IMSDK+MainPhoto.h */ = {isa = PBXFileReference; fileEncoding = 4; lastKnownFileType = sourcecode.c.h; path = "IMSDK+MainPhoto.h"; sourceTree = "<group>"; };
		046A74251AC94B8C00B950A7 /* IMGroupChatMessage.h */ = {isa = PBXFileReference; fileEncoding = 4; lastKnownFileType = sourcecode.c.h; path = IMGroupChatMessage.h; sourceTree = "<group>"; };
		046A74261AC94B8C00B950A7 /* IMMyself+RecentContacts.h */ = {isa = PBXFileReference; fileEncoding = 4; lastKnownFileType = sourcecode.c.h; path = "IMMyself+RecentContacts.h"; sourceTree = "<group>"; };
		046A74271AC94B8C00B950A7 /* IMMyself+RecentGroups.h */ = {isa = PBXFileReference; fileEncoding = 4; lastKnownFileType = sourcecode.c.h; path = "IMMyself+RecentGroups.h"; sourceTree = "<group>"; };
		046A74281AC94B8C00B950A7 /* IMUserChatMessage.h */ = {isa = PBXFileReference; fileEncoding = 4; lastKnownFileType = sourcecode.c.h; path = IMUserChatMessage.h; sourceTree = "<group>"; };
		046A742A1AC94B8C00B950A7 /* IMMyself+UserPassword.h */ = {isa = PBXFileReference; fileEncoding = 4; lastKnownFileType = sourcecode.c.h; path = "IMMyself+UserPassword.h"; sourceTree = "<group>"; };
		046A742C1AC94B8C00B950A7 /* IMMyself+Relationship.h */ = {isa = PBXFileReference; fileEncoding = 4; lastKnownFileType = sourcecode.c.h; path = "IMMyself+Relationship.h"; sourceTree = "<group>"; };
		046A742F1AC94B8C00B950A7 /* IMAroundUsersView.h */ = {isa = PBXFileReference; fileEncoding = 4; lastKnownFileType = sourcecode.c.h; path = IMAroundUsersView.h; sourceTree = "<group>"; };
		046A74311AC94B8C00B950A7 /* IM_login_background.png */ = {isa = PBXFileReference; lastKnownFileType = image.png; path = IM_login_background.png; sourceTree = "<group>"; };
		046A74321AC94B8C00B950A7 /* IM_login_checkOff.png */ = {isa = PBXFileReference; lastKnownFileType = image.png; path = IM_login_checkOff.png; sourceTree = "<group>"; };
		046A74331AC94B8C00B950A7 /* IM_login_checkOn.png */ = {isa = PBXFileReference; lastKnownFileType = image.png; path = IM_login_checkOn.png; sourceTree = "<group>"; };
		046A74341AC94B8C00B950A7 /* IM_login_key@2x.png */ = {isa = PBXFileReference; lastKnownFileType = image.png; path = "IM_login_key@2x.png"; sourceTree = "<group>"; };
		046A74351AC94B8C00B950A7 /* IM_login_key_highlighted@2x.png */ = {isa = PBXFileReference; lastKnownFileType = image.png; path = "IM_login_key_highlighted@2x.png"; sourceTree = "<group>"; };
		046A74361AC94B8C00B950A7 /* IM_login_user@2x.png */ = {isa = PBXFileReference; lastKnownFileType = image.png; path = "IM_login_user@2x.png"; sourceTree = "<group>"; };
		046A74371AC94B8C00B950A7 /* IM_login_user_highlighted@2x.png */ = {isa = PBXFileReference; lastKnownFileType = image.png; path = "IM_login_user_highlighted@2x.png"; sourceTree = "<group>"; };
		046A74381AC94B8C00B950A7 /* IM_loginBtn_background@2x.png */ = {isa = PBXFileReference; lastKnownFileType = image.png; path = "IM_loginBtn_background@2x.png"; sourceTree = "<group>"; };
		046A74391AC94B8C00B950A7 /* IMLoginView.h */ = {isa = PBXFileReference; fileEncoding = 4; lastKnownFileType = sourcecode.c.h; path = IMLoginView.h; sourceTree = "<group>"; };
		046A743B1AC94B8C00B950A7 /* IMRecentContactsView.h */ = {isa = PBXFileReference; fileEncoding = 4; lastKnownFileType = sourcecode.c.h; path = IMRecentContactsView.h; sourceTree = "<group>"; };
		046A743C1AC94B8C00B950A7 /* IMRecentGroupsView.h */ = {isa = PBXFileReference; fileEncoding = 4; lastKnownFileType = sourcecode.c.h; path = IMRecentGroupsView.h; sourceTree = "<group>"; };
		046A743E1AC94B8C00B950A7 /* amp1.png */ = {isa = PBXFileReference; lastKnownFileType = image.png; path = amp1.png; sourceTree = "<group>"; };
		046A743F1AC94B8C00B950A7 /* amp2.png */ = {isa = PBXFileReference; lastKnownFileType = image.png; path = amp2.png; sourceTree = "<group>"; };
		046A74401AC94B8C00B950A7 /* amp3.png */ = {isa = PBXFileReference; lastKnownFileType = image.png; path = amp3.png; sourceTree = "<group>"; };
		046A74411AC94B8C00B950A7 /* amp4.png */ = {isa = PBXFileReference; lastKnownFileType = image.png; path = amp4.png; sourceTree = "<group>"; };
		046A74421AC94B8C00B950A7 /* amp5.png */ = {isa = PBXFileReference; lastKnownFileType = image.png; path = amp5.png; sourceTree = "<group>"; };
		046A74431AC94B8C00B950A7 /* amp6.png */ = {isa = PBXFileReference; lastKnownFileType = image.png; path = amp6.png; sourceTree = "<group>"; };
		046A74441AC94B8C00B950A7 /* amp7.png */ = {isa = PBXFileReference; lastKnownFileType = image.png; path = amp7.png; sourceTree = "<group>"; };
		046A74451AC94B8C00B950A7 /* audio_cancel_icon.png */ = {isa = PBXFileReference; lastKnownFileType = image.png; path = audio_cancel_icon.png; sourceTree = "<group>"; };
		046A74461AC94B8C00B950A7 /* audio_phone_icon.png */ = {isa = PBXFileReference; lastKnownFileType = image.png; path = audio_phone_icon.png; sourceTree = "<group>"; };
		046A74471AC94B8C00B950A7 /* DTFace_normal@2x.png */ = {isa = PBXFileReference; lastKnownFileType = image.png; path = "DTFace_normal@2x.png"; sourceTree = "<group>"; };
		046A74481AC94B8C00B950A7 /* DTFace_selected@2x.png */ = {isa = PBXFileReference; lastKnownFileType = image.png; path = "DTFace_selected@2x.png"; sourceTree = "<group>"; };
		046A74491AC94B8C00B950A7 /* DTImageMask@2x.png */ = {isa = PBXFileReference; lastKnownFileType = image.png; path = "DTImageMask@2x.png"; sourceTree = "<group>"; };
		046A744A1AC94B8C00B950A7 /* DTKeyboard_normal@2x.png */ = {isa = PBXFileReference; lastKnownFileType = image.png; path = "DTKeyboard_normal@2x.png"; sourceTree = "<group>"; };
		046A744B1AC94B8C00B950A7 /* DTKeyboard_selected@2x.png */ = {isa = PBXFileReference; lastKnownFileType = image.png; path = "DTKeyboard_selected@2x.png"; sourceTree = "<group>"; };
		046A744C1AC94B8C00B950A7 /* DTMic_normal@2x.png */ = {isa = PBXFileReference; lastKnownFileType = image.png; path = "DTMic_normal@2x.png"; sourceTree = "<group>"; };
		046A744D1AC94B8C00B950A7 /* DTMore_normal@2x.png */ = {isa = PBXFileReference; lastKnownFileType = image.png; path = "DTMore_normal@2x.png"; sourceTree = "<group>"; };
		046A744E1AC94B8C00B950A7 /* DTMore_selected@2x.png */ = {isa = PBXFileReference; lastKnownFileType = image.png; path = "DTMore_selected@2x.png"; sourceTree = "<group>"; };
		046A744F1AC94B8C00B950A7 /* IM_audio_normal@2x.png */ = {isa = PBXFileReference; lastKnownFileType = image.png; path = "IM_audio_normal@2x.png"; sourceTree = "<group>"; };
		046A74501AC94B8C00B950A7 /* IM_audio_play1@2x.png */ = {isa = PBXFileReference; lastKnownFileType = image.png; path = "IM_audio_play1@2x.png"; sourceTree = "<group>"; };
		046A74511AC94B8C00B950A7 /* IM_audio_play2@2x.png */ = {isa = PBXFileReference; lastKnownFileType = image.png; path = "IM_audio_play2@2x.png"; sourceTree = "<group>"; };
		046A74521AC94B8C00B950A7 /* IM_audio_play3@2x.png */ = {isa = PBXFileReference; lastKnownFileType = image.png; path = "IM_audio_play3@2x.png"; sourceTree = "<group>"; };
		046A74531AC94B8C00B950A7 /* IM_camera_icon.png */ = {isa = PBXFileReference; lastKnownFileType = image.png; path = IM_camera_icon.png; sourceTree = "<group>"; };
		046A74541AC94B8C00B950A7 /* IM_chat_failed@2x.png */ = {isa = PBXFileReference; lastKnownFileType = image.png; path = "IM_chat_failed@2x.png"; sourceTree = "<group>"; };
		046A74551AC94B8C00B950A7 /* IM_head_default.png */ = {isa = PBXFileReference; lastKnownFileType = image.png; path = IM_head_default.png; sourceTree = "<group>"; };
		046A74561AC94B8C00B950A7 /* IM_head_female.png */ = {isa = PBXFileReference; lastKnownFileType = image.png; path = IM_head_female.png; sourceTree = "<group>"; };
		046A74571AC94B8C00B950A7 /* IM_head_male.png */ = {isa = PBXFileReference; lastKnownFileType = image.png; path = IM_head_male.png; sourceTree = "<group>"; };
		046A74581AC94B8C00B950A7 /* IM_message_sending@2x.png */ = {isa = PBXFileReference; lastKnownFileType = image.png; path = "IM_message_sending@2x.png"; sourceTree = "<group>"; };
		046A74591AC94B8C00B950A7 /* IM_photo_default@2x.png */ = {isa = PBXFileReference; lastKnownFileType = image.png; path = "IM_photo_default@2x.png"; sourceTree = "<group>"; };
		046A745A1AC94B8C00B950A7 /* IM_picture_icon.png */ = {isa = PBXFileReference; lastKnownFileType = image.png; path = IM_picture_icon.png; sourceTree = "<group>"; };
		046A745B1AC94B8C00B950A7 /* IMChatView.h */ = {isa = PBXFileReference; fileEncoding = 4; lastKnownFileType = sourcecode.c.h; path = IMChatView.h; sourceTree = "<group>"; };
		046A745C1AC94B8C00B950A7 /* IMGroupChatView.h */ = {isa = PBXFileReference; fileEncoding = 4; lastKnownFileType = sourcecode.c.h; path = IMGroupChatView.h; sourceTree = "<group>"; };
		046CA9361A497E2700C68A55 /* IMGroupDialogViewController.h */ = {isa = PBXFileReference; fileEncoding = 4; lastKnownFileType = sourcecode.c.h; path = IMGroupDialogViewController.h; sourceTree = "<group>"; };
		046CA9371A497E2700C68A55 /* IMGroupDialogViewController.m */ = {isa = PBXFileReference; fileEncoding = 4; lastKnownFileType = sourcecode.c.objc; path = IMGroupDialogViewController.m; sourceTree = "<group>"; };
		04752E881A4D46F000484C96 /* IMCreateGroupViewController.h */ = {isa = PBXFileReference; fileEncoding = 4; lastKnownFileType = sourcecode.c.h; path = IMCreateGroupViewController.h; sourceTree = "<group>"; };
		04752E891A4D46F000484C96 /* IMCreateGroupViewController.m */ = {isa = PBXFileReference; fileEncoding = 4; lastKnownFileType = sourcecode.c.objc; path = IMCreateGroupViewController.m; sourceTree = "<group>"; };
		047CFB721A399BB100A9619E /* IMContactTableViewCell.h */ = {isa = PBXFileReference; fileEncoding = 4; lastKnownFileType = sourcecode.c.h; path = IMContactTableViewCell.h; sourceTree = "<group>"; };
		047CFB731A399BB100A9619E /* IMContactTableViewCell.m */ = {isa = PBXFileReference; fileEncoding = 4; lastKnownFileType = sourcecode.c.objc; path = IMContactTableViewCell.m; sourceTree = "<group>"; };
		048807AA1A3EC76300F2C7DF /* IMAroundViewCell.h */ = {isa = PBXFileReference; fileEncoding = 4; lastKnownFileType = sourcecode.c.h; path = IMAroundViewCell.h; sourceTree = "<group>"; };
		048807AB1A3EC76300F2C7DF /* IMAroundViewCell.m */ = {isa = PBXFileReference; fileEncoding = 4; lastKnownFileType = sourcecode.c.objc; path = IMAroundViewCell.m; sourceTree = "<group>"; };
		048A16EB1A51D14A008E941B /* BDKNotifyHUD.h */ = {isa = PBXFileReference; fileEncoding = 4; lastKnownFileType = sourcecode.c.h; path = BDKNotifyHUD.h; sourceTree = "<group>"; };
		048A16EC1A51D14A008E941B /* BDKNotifyHUD.m */ = {isa = PBXFileReference; fileEncoding = 4; lastKnownFileType = sourcecode.c.objc; path = BDKNotifyHUD.m; sourceTree = "<group>"; };
		048D25751A51089600C04C22 /* IMBlackListViewController.h */ = {isa = PBXFileReference; fileEncoding = 4; lastKnownFileType = sourcecode.c.h; path = IMBlackListViewController.h; sourceTree = "<group>"; };
		048D25761A51089600C04C22 /* IMBlackListViewController.m */ = {isa = PBXFileReference; fileEncoding = 4; lastKnownFileType = sourcecode.c.objc; path = IMBlackListViewController.m; sourceTree = "<group>"; };
		0493E85B1A820A41001EEB8A /* pinyin.c */ = {isa = PBXFileReference; fileEncoding = 4; lastKnownFileType = sourcecode.c.c; path = pinyin.c; sourceTree = "<group>"; };
		0493E85C1A820A41001EEB8A /* pinyin.h */ = {isa = PBXFileReference; fileEncoding = 4; lastKnownFileType = sourcecode.c.h; path = pinyin.h; sourceTree = "<group>"; };
		0493E85D1A820A41001EEB8A /* POAPinyin.h */ = {isa = PBXFileReference; fileEncoding = 4; lastKnownFileType = sourcecode.c.h; path = POAPinyin.h; sourceTree = "<group>"; };
		0493E85E1A820A41001EEB8A /* POAPinyin.m */ = {isa = PBXFileReference; fileEncoding = 4; lastKnownFileType = sourcecode.c.objc; path = POAPinyin.m; sourceTree = "<group>"; };
		049A22171A3A03FA0025602F /* IMMyselfInfoViewController.h */ = {isa = PBXFileReference; fileEncoding = 4; lastKnownFileType = sourcecode.c.h; path = IMMyselfInfoViewController.h; sourceTree = "<group>"; };
		049A22181A3A03FA0025602F /* IMMyselfInfoViewController.m */ = {isa = PBXFileReference; fileEncoding = 4; lastKnownFileType = sourcecode.c.objc; path = IMMyselfInfoViewController.m; sourceTree = "<group>"; };
		049A221A1A3A0A540025602F /* IMMyselfInfoTableViewCell.h */ = {isa = PBXFileReference; fileEncoding = 4; lastKnownFileType = sourcecode.c.h; path = IMMyselfInfoTableViewCell.h; sourceTree = "<group>"; };
		049A221B1A3A0A540025602F /* IMMyselfInfoTableViewCell.m */ = {isa = PBXFileReference; fileEncoding = 4; lastKnownFileType = sourcecode.c.objc; path = IMMyselfInfoTableViewCell.m; sourceTree = "<group>"; };
		04A5EA5D1A384C6700BD29C9 /* IMUserDialogViewController.h */ = {isa = PBXFileReference; fileEncoding = 4; lastKnownFileType = sourcecode.c.h; path = IMUserDialogViewController.h; sourceTree = "<group>"; };
		04A5EA5E1A384C6700BD29C9 /* IMUserDialogViewController.m */ = {isa = PBXFileReference; fileEncoding = 4; lastKnownFileType = sourcecode.c.objc; path = IMUserDialogViewController.m; sourceTree = "<group>"; };
		04A5EA6B1A394E7100BD29C9 /* NSString+IM.h */ = {isa = PBXFileReference; fileEncoding = 4; lastKnownFileType = sourcecode.c.h; path = "NSString+IM.h"; sourceTree = "<group>"; };
		04A5EA6C1A394E7100BD29C9 /* NSString+IM.m */ = {isa = PBXFileReference; fileEncoding = 4; lastKnownFileType = sourcecode.c.objc; path = "NSString+IM.m"; sourceTree = "<group>"; };
		04B059B11A4C6E940013D368 /* IMSearchMemberViewController.h */ = {isa = PBXFileReference; fileEncoding = 4; lastKnownFileType = sourcecode.c.h; path = IMSearchMemberViewController.h; sourceTree = "<group>"; };
		04B059B21A4C6E940013D368 /* IMSearchMemberViewController.m */ = {isa = PBXFileReference; fileEncoding = 4; lastKnownFileType = sourcecode.c.objc; path = IMSearchMemberViewController.m; sourceTree = "<group>"; };
		04B45D3E1A4726D70094A85D /* icon_29.png */ = {isa = PBXFileReference; lastKnownFileType = image.png; path = icon_29.png; sourceTree = "<group>"; };
		04B45D3F1A4726D70094A85D /* icon_58.png */ = {isa = PBXFileReference; lastKnownFileType = image.png; path = icon_58.png; sourceTree = "<group>"; };
		04B45D401A4726D70094A85D /* icon_80.png */ = {isa = PBXFileReference; lastKnownFileType = image.png; path = icon_80.png; sourceTree = "<group>"; };
		04D0FA631A4BF0F8004434F0 /* IM_delete_member.png */ = {isa = PBXFileReference; lastKnownFileType = image.png; path = IM_delete_member.png; sourceTree = "<group>"; };
		04D0FA681A4C0422004434F0 /* IMAddGroupMemberViewController.h */ = {isa = PBXFileReference; fileEncoding = 4; lastKnownFileType = sourcecode.c.h; path = IMAddGroupMemberViewController.h; sourceTree = "<group>"; };
		04D0FA691A4C0422004434F0 /* IMAddGroupMemberViewController.m */ = {isa = PBXFileReference; fileEncoding = 4; lastKnownFileType = sourcecode.c.objc; path = IMAddGroupMemberViewController.m; sourceTree = "<group>"; };
		04D0FA6B1A4C239C004434F0 /* IMGroupInfoEditViewController.h */ = {isa = PBXFileReference; fileEncoding = 4; lastKnownFileType = sourcecode.c.h; path = IMGroupInfoEditViewController.h; sourceTree = "<group>"; };
		04D0FA6C1A4C239D004434F0 /* IMGroupInfoEditViewController.m */ = {isa = PBXFileReference; fileEncoding = 4; lastKnownFileType = sourcecode.c.objc; path = IMGroupInfoEditViewController.m; sourceTree = "<group>"; };
		04F0A61A1A36995F004417CF /* IMDeveloper.app */ = {isa = PBXFileReference; explicitFileType = wrapper.application; includeInIndex = 0; path = IMDeveloper.app; sourceTree = BUILT_PRODUCTS_DIR; };
		04F0A61D1A36995F004417CF /* Foundation.framework */ = {isa = PBXFileReference; lastKnownFileType = wrapper.framework; name = Foundation.framework; path = System/Library/Frameworks/Foundation.framework; sourceTree = SDKROOT; };
		04F0A61F1A36995F004417CF /* CoreGraphics.framework */ = {isa = PBXFileReference; lastKnownFileType = wrapper.framework; name = CoreGraphics.framework; path = System/Library/Frameworks/CoreGraphics.framework; sourceTree = SDKROOT; };
		04F0A6211A36995F004417CF /* UIKit.framework */ = {isa = PBXFileReference; lastKnownFileType = wrapper.framework; name = UIKit.framework; path = System/Library/Frameworks/UIKit.framework; sourceTree = SDKROOT; };
		04F0A6251A36995F004417CF /* IMDeveloper-Info.plist */ = {isa = PBXFileReference; lastKnownFileType = text.plist.xml; path = "IMDeveloper-Info.plist"; sourceTree = "<group>"; };
		04F0A6271A36995F004417CF /* en */ = {isa = PBXFileReference; lastKnownFileType = text.plist.strings; name = en; path = en.lproj/InfoPlist.strings; sourceTree = "<group>"; };
		04F0A6291A36995F004417CF /* main.m */ = {isa = PBXFileReference; lastKnownFileType = sourcecode.c.objc; path = main.m; sourceTree = "<group>"; };
		04F0A62B1A36995F004417CF /* IMDeveloper-Prefix.pch */ = {isa = PBXFileReference; lastKnownFileType = sourcecode.c.h; path = "IMDeveloper-Prefix.pch"; sourceTree = "<group>"; };
		04F0A62C1A36995F004417CF /* IMAppDelegate.h */ = {isa = PBXFileReference; lastKnownFileType = sourcecode.c.h; path = IMAppDelegate.h; sourceTree = "<group>"; };
		04F0A62D1A36995F004417CF /* IMAppDelegate.m */ = {isa = PBXFileReference; lastKnownFileType = sourcecode.c.objc; path = IMAppDelegate.m; sourceTree = "<group>"; };
		04F0A62F1A36995F004417CF /* Images.xcassets */ = {isa = PBXFileReference; lastKnownFileType = folder.assetcatalog; path = Images.xcassets; sourceTree = "<group>"; };
		04F0A6361A36995F004417CF /* XCTest.framework */ = {isa = PBXFileReference; lastKnownFileType = wrapper.framework; name = XCTest.framework; path = Library/Frameworks/XCTest.framework; sourceTree = DEVELOPER_DIR; };
		04F0A6A11A36AF03004417CF /* QuartzCore.framework */ = {isa = PBXFileReference; lastKnownFileType = wrapper.framework; name = QuartzCore.framework; path = System/Library/Frameworks/QuartzCore.framework; sourceTree = SDKROOT; };
		04F0A6A31A36AF0D004417CF /* ImageIO.framework */ = {isa = PBXFileReference; lastKnownFileType = wrapper.framework; name = ImageIO.framework; path = System/Library/Frameworks/ImageIO.framework; sourceTree = SDKROOT; };
		04F0A6A51A36AF16004417CF /* CoreTelephony.framework */ = {isa = PBXFileReference; lastKnownFileType = wrapper.framework; name = CoreTelephony.framework; path = System/Library/Frameworks/CoreTelephony.framework; sourceTree = SDKROOT; };
		04F0A6A71A36AF21004417CF /* CoreLocation.framework */ = {isa = PBXFileReference; lastKnownFileType = wrapper.framework; name = CoreLocation.framework; path = System/Library/Frameworks/CoreLocation.framework; sourceTree = SDKROOT; };
		04F0A6A91A36AF3C004417CF /* SystemConfiguration.framework */ = {isa = PBXFileReference; lastKnownFileType = wrapper.framework; name = SystemConfiguration.framework; path = System/Library/Frameworks/SystemConfiguration.framework; sourceTree = SDKROOT; };
		04F0A6B71A36B0CD004417CF /* IMLoginViewController.h */ = {isa = PBXFileReference; fileEncoding = 4; lastKnownFileType = sourcecode.c.h; path = IMLoginViewController.h; sourceTree = "<group>"; };
		04F0A6B81A36B0CD004417CF /* IMLoginViewController.m */ = {isa = PBXFileReference; fileEncoding = 4; lastKnownFileType = sourcecode.c.objc; path = IMLoginViewController.m; sourceTree = "<group>"; };
		04F0A6BB1A36B177004417CF /* IMRootViewController.h */ = {isa = PBXFileReference; fileEncoding = 4; lastKnownFileType = sourcecode.c.h; path = IMRootViewController.h; sourceTree = "<group>"; };
		04F0A6BC1A36B177004417CF /* IMRootViewController.m */ = {isa = PBXFileReference; fileEncoding = 4; lastKnownFileType = sourcecode.c.objc; path = IMRootViewController.m; sourceTree = "<group>"; };
		04F0A6BE1A36B18F004417CF /* IMBaseViewController.h */ = {isa = PBXFileReference; fileEncoding = 4; lastKnownFileType = sourcecode.c.h; path = IMBaseViewController.h; sourceTree = "<group>"; };
		04F0A6BF1A36B18F004417CF /* IMBaseViewController.m */ = {isa = PBXFileReference; fileEncoding = 4; lastKnownFileType = sourcecode.c.objc; path = IMBaseViewController.m; sourceTree = "<group>"; };
		04F0A6C11A36B3AA004417CF /* IMConversationViewController.h */ = {isa = PBXFileReference; fileEncoding = 4; lastKnownFileType = sourcecode.c.h; path = IMConversationViewController.h; sourceTree = "<group>"; };
		04F0A6C21A36B3AA004417CF /* IMConversationViewController.m */ = {isa = PBXFileReference; fileEncoding = 4; lastKnownFileType = sourcecode.c.objc; path = IMConversationViewController.m; sourceTree = "<group>"; };
		04F0A6C51A36B471004417CF /* IMContactViewController.h */ = {isa = PBXFileReference; fileEncoding = 4; lastKnownFileType = sourcecode.c.h; path = IMContactViewController.h; sourceTree = "<group>"; };
		04F0A6C61A36B471004417CF /* IMContactViewController.m */ = {isa = PBXFileReference; fileEncoding = 4; lastKnownFileType = sourcecode.c.objc; path = IMContactViewController.m; sourceTree = "<group>"; };
		04F0A6C81A36B480004417CF /* IMAroundViewController.h */ = {isa = PBXFileReference; fileEncoding = 4; lastKnownFileType = sourcecode.c.h; path = IMAroundViewController.h; sourceTree = "<group>"; };
		04F0A6C91A36B480004417CF /* IMAroundViewController.m */ = {isa = PBXFileReference; fileEncoding = 4; lastKnownFileType = sourcecode.c.objc; path = IMAroundViewController.m; sourceTree = "<group>"; };
		04F0A6CB1A36B496004417CF /* IMSettingViewController.h */ = {isa = PBXFileReference; fileEncoding = 4; lastKnownFileType = sourcecode.c.h; path = IMSettingViewController.h; sourceTree = "<group>"; };
		04F0A6CC1A36B496004417CF /* IMSettingViewController.m */ = {isa = PBXFileReference; fileEncoding = 4; lastKnownFileType = sourcecode.c.objc; path = IMSettingViewController.m; sourceTree = "<group>"; };
		04F0A6D01A36B868004417CF /* IMDefine.h */ = {isa = PBXFileReference; fileEncoding = 4; lastKnownFileType = sourcecode.c.h; path = IMDefine.h; sourceTree = "<group>"; };
		04F0A6D21A36F60A004417CF /* IM_more_normal@2x.png */ = {isa = PBXFileReference; lastKnownFileType = image.png; path = "IM_more_normal@2x.png"; sourceTree = "<group>"; };
		04F0A6D31A36F60A004417CF /* IM_around_normal@2x.png */ = {isa = PBXFileReference; lastKnownFileType = image.png; path = "IM_around_normal@2x.png"; sourceTree = "<group>"; };
		04F0A6D41A36F60A004417CF /* IM_around_selected@2x.png */ = {isa = PBXFileReference; lastKnownFileType = image.png; path = "IM_around_selected@2x.png"; sourceTree = "<group>"; };
		04F0A6D51A36F60A004417CF /* IM_contact_normal@2x.png */ = {isa = PBXFileReference; lastKnownFileType = image.png; path = "IM_contact_normal@2x.png"; sourceTree = "<group>"; };
		04F0A6D61A36F60A004417CF /* IM_contact_selected@2x.png */ = {isa = PBXFileReference; lastKnownFileType = image.png; path = "IM_contact_selected@2x.png"; sourceTree = "<group>"; };
		04F0A6D71A36F60A004417CF /* IM_conversation_normal@2x.png */ = {isa = PBXFileReference; lastKnownFileType = image.png; path = "IM_conversation_normal@2x.png"; sourceTree = "<group>"; };
		04F0A6D81A36F60A004417CF /* IM_conversation_selected@2x.png */ = {isa = PBXFileReference; lastKnownFileType = image.png; path = "IM_conversation_selected@2x.png"; sourceTree = "<group>"; };
		04F0A6D91A36F60A004417CF /* IM_setting_normal@2x.png */ = {isa = PBXFileReference; lastKnownFileType = image.png; path = "IM_setting_normal@2x.png"; sourceTree = "<group>"; };
		04F0A6DA1A36F60A004417CF /* IM_setting_selected@2x.png */ = {isa = PBXFileReference; lastKnownFileType = image.png; path = "IM_setting_selected@2x.png"; sourceTree = "<group>"; };
		04F0A6DC1A36F60A004417CF /* IM_keyboard_normal@2x.png */ = {isa = PBXFileReference; lastKnownFileType = image.png; path = "IM_keyboard_normal@2x.png"; sourceTree = "<group>"; };
		04F0A6DF1A36F60A004417CF /* IM_face_normal@2x.png */ = {isa = PBXFileReference; lastKnownFileType = image.png; path = "IM_face_normal@2x.png"; sourceTree = "<group>"; };
		04F0A6E11A36F60A004417CF /* IM_mic_normal@2x.png */ = {isa = PBXFileReference; lastKnownFileType = image.png; path = "IM_mic_normal@2x.png"; sourceTree = "<group>"; };
		04F0A6F31A36F8C1004417CF /* UIImage+IM.h */ = {isa = PBXFileReference; fileEncoding = 4; lastKnownFileType = sourcecode.c.h; path = "UIImage+IM.h"; sourceTree = "<group>"; };
		04F0A6F41A36F8C1004417CF /* UIImage+IM.m */ = {isa = PBXFileReference; fileEncoding = 4; lastKnownFileType = sourcecode.c.objc; path = "UIImage+IM.m"; sourceTree = "<group>"; };
		04F17FAF1A66207F0020EFE1 /* IMSDKManager.h */ = {isa = PBXFileReference; fileEncoding = 4; lastKnownFileType = sourcecode.c.h; path = IMSDKManager.h; sourceTree = "<group>"; };
		04F17FB01A66207F0020EFE1 /* IMSDKManager.m */ = {isa = PBXFileReference; fileEncoding = 4; lastKnownFileType = sourcecode.c.objc; path = IMSDKManager.m; sourceTree = "<group>"; };
		04FCC0631ABFB1A8006F286F /* IMVersionInformationViewController.h */ = {isa = PBXFileReference; fileEncoding = 4; lastKnownFileType = sourcecode.c.h; path = IMVersionInformationViewController.h; sourceTree = "<group>"; };
		04FCC0641ABFB1A8006F286F /* IMVersionInformationViewController.m */ = {isa = PBXFileReference; fileEncoding = 4; lastKnownFileType = sourcecode.c.objc; path = IMVersionInformationViewController.m; sourceTree = "<group>"; };
/* End PBXFileReference section */

/* Begin PBXFrameworksBuildPhase section */
		04F0A6171A36995F004417CF /* Frameworks */ = {
			isa = PBXFrameworksBuildPhase;
			buildActionMask = 2147483647;
			files = (
				04F0A6AA1A36AF3C004417CF /* SystemConfiguration.framework in Frameworks */,
				04F0A6A81A36AF21004417CF /* CoreLocation.framework in Frameworks */,
				04F0A6A61A36AF16004417CF /* CoreTelephony.framework in Frameworks */,
				04F0A6A41A36AF0D004417CF /* ImageIO.framework in Frameworks */,
				04F0A6A21A36AF03004417CF /* QuartzCore.framework in Frameworks */,
				04F0A6201A36995F004417CF /* CoreGraphics.framework in Frameworks */,
				04F0A6221A36995F004417CF /* UIKit.framework in Frameworks */,
				04F0A61E1A36995F004417CF /* Foundation.framework in Frameworks */,
				046A745D1AC94B8C00B950A7 /* libIMSDK.a in Frameworks */,
			);
			runOnlyForDeploymentPostprocessing = 0;
		};
/* End PBXFrameworksBuildPhase section */

/* Begin PBXGroup section */
		04387CDC1A4A7D83006CBA8E /* Groups */ = {
			isa = PBXGroup;
			children = (
				04387CDD1A4A7D83006CBA8E /* IMGroupListViewController.h */,
				04387CDE1A4A7D83006CBA8E /* IMGroupListViewController.m */,
				04387CE01A4A7DA8006CBA8E /* IMGroupInfoViewController.h */,
				04387CE11A4A7DA8006CBA8E /* IMGroupInfoViewController.m */,
				04387CE31A4AA3ED006CBA8E /* IMGroupMemberHeadersView.h */,
				04387CE41A4AA3ED006CBA8E /* IMGroupMemberHeadersView.m */,
				04387CE61A4AA4DB006CBA8E /* IMHeadIcon.h */,
				04387CE71A4AA4DB006CBA8E /* IMHeadIcon.m */,
				04D0FA681A4C0422004434F0 /* IMAddGroupMemberViewController.h */,
				04D0FA691A4C0422004434F0 /* IMAddGroupMemberViewController.m */,
				04B059B11A4C6E940013D368 /* IMSearchMemberViewController.h */,
				04B059B21A4C6E940013D368 /* IMSearchMemberViewController.m */,
				04D0FA6B1A4C239C004434F0 /* IMGroupInfoEditViewController.h */,
				04D0FA6C1A4C239D004434F0 /* IMGroupInfoEditViewController.m */,
				04752E881A4D46F000484C96 /* IMCreateGroupViewController.h */,
				04752E891A4D46F000484C96 /* IMCreateGroupViewController.m */,
			);
			path = Groups;
			sourceTree = "<group>";
		};
		0449DBAD1A51732400A19BBC /* MBProgressHUD */ = {
			isa = PBXGroup;
			children = (
				0449DBAE1A51732400A19BBC /* MBProgressHUD.h */,
				0449DBAF1A51732400A19BBC /* MBProgressHUD.m */,
			);
			path = MBProgressHUD;
			sourceTree = "<group>";
		};
		044CF4801A37EC2C004A641F /* IMThirdParty */ = {
			isa = PBXGroup;
			children = (
				0493E85A1A820A41001EEB8A /* POAPinyin */,
				048A16EA1A51D14A008E941B /* BDKNotifyHUD */,
				0449DBAD1A51732400A19BBC /* MBProgressHUD */,
				044CF4811A37EC2C004A641F /* SFCountdownView */,
			);
			path = IMThirdParty;
			sourceTree = "<group>";
		};
		044CF4811A37EC2C004A641F /* SFCountdownView */ = {
			isa = PBXGroup;
			children = (
				044CF4821A37EC2C004A641F /* SFCountdownView.h */,
				044CF4831A37EC2C004A641F /* SFCountdownView.m */,
			);
			path = SFCountdownView;
			sourceTree = "<group>";
		};
		044CF48D1A3801A3004A641F /* Users */ = {
			isa = PBXGroup;
			children = (
				044CF48E1A3801C6004A641F /* IMUserInformationViewController.h */,
				044CF48F1A3801C6004A641F /* IMUserInformationViewController.m */,
				044CF4A21A384243004A641F /* IMFriendRequestViewController.h */,
				044CF4A31A384243004A641F /* IMFriendRequestViewController.m */,
			);
			path = Users;
			sourceTree = "<group>";
		};
		044CF4981A381FAE004A641F /* IMModel */ = {
			isa = PBXGroup;
			children = (
				044CF4991A381FAE004A641F /* IMUserInfo.h */,
				044CF49A1A381FAE004A641F /* IMUserInfo.m */,
			);
			path = IMModel;
			sourceTree = "<group>";
		};
		046A740E1AC94B8C00B950A7 /* Release-iphonesimulator */ = {
			isa = PBXGroup;
			children = (
				046A740F1AC94B8C00B950A7 /* libIMSDK.a */,
				046A74101AC94B8C00B950A7 /* PublicInterface */,
				046A742D1AC94B8C00B950A7 /* PublicUI */,
			);
			path = "Release-iphonesimulator";
			sourceTree = "<group>";
		};
		046A74101AC94B8C00B950A7 /* PublicInterface */ = {
			isa = PBXGroup;
			children = (
				046A74111AC94B8C00B950A7 /* Around */,
				046A74141AC94B8C00B950A7 /* CustomMessage */,
				046A74161AC94B8C00B950A7 /* CustomUserInfo */,
				046A74191AC94B8C00B950A7 /* Group */,
				046A741D1AC94B8C00B950A7 /* IMMyself.h */,
				046A741E1AC94B8C00B950A7 /* IMSDK.h */,
				046A741F1AC94B8C00B950A7 /* LoginHistory */,
				046A74211AC94B8C00B950A7 /* MainPhoto */,
				046A74241AC94B8C00B950A7 /* RecentContacts */,
				046A74291AC94B8C00B950A7 /* UserPassword */,
				046A742B1AC94B8C00B950A7 /* UserRelations */,
			);
			path = PublicInterface;
			sourceTree = "<group>";
		};
		046A74111AC94B8C00B950A7 /* Around */ = {
			isa = PBXGroup;
			children = (
				046A74121AC94B8C00B950A7 /* IMMyself+Around.h */,
				046A74131AC94B8C00B950A7 /* IMUserLocation.h */,
			);
			path = Around;
			sourceTree = "<group>";
		};
		046A74141AC94B8C00B950A7 /* CustomMessage */ = {
			isa = PBXGroup;
			children = (
				046A74151AC94B8C00B950A7 /* IMMyself+CustomMessage.h */,
			);
			path = CustomMessage;
			sourceTree = "<group>";
		};
		046A74161AC94B8C00B950A7 /* CustomUserInfo */ = {
			isa = PBXGroup;
			children = (
				046A74171AC94B8C00B950A7 /* IMMyself+CustomUserInfo.h */,
				046A74181AC94B8C00B950A7 /* IMSDK+CustomUserInfo.h */,
			);
			path = CustomUserInfo;
			sourceTree = "<group>";
		};
		046A74191AC94B8C00B950A7 /* Group */ = {
			isa = PBXGroup;
			children = (
				046A741A1AC94B8C00B950A7 /* IMGroupInfo.h */,
				046A741B1AC94B8C00B950A7 /* IMMyself+Group.h */,
				046A741C1AC94B8C00B950A7 /* IMSDK+Group.h */,
			);
			path = Group;
			sourceTree = "<group>";
		};
		046A741F1AC94B8C00B950A7 /* LoginHistory */ = {
			isa = PBXGroup;
			children = (
				046A74201AC94B8C00B950A7 /* IMSDK+LoginHistory.h */,
			);
			path = LoginHistory;
			sourceTree = "<group>";
		};
		046A74211AC94B8C00B950A7 /* MainPhoto */ = {
			isa = PBXGroup;
			children = (
				046A74221AC94B8C00B950A7 /* IMMyself+MainPhoto.h */,
				046A74231AC94B8C00B950A7 /* IMSDK+MainPhoto.h */,
			);
			path = MainPhoto;
			sourceTree = "<group>";
		};
		046A74241AC94B8C00B950A7 /* RecentContacts */ = {
			isa = PBXGroup;
			children = (
				046A74251AC94B8C00B950A7 /* IMGroupChatMessage.h */,
				046A74261AC94B8C00B950A7 /* IMMyself+RecentContacts.h */,
				046A74271AC94B8C00B950A7 /* IMMyself+RecentGroups.h */,
				046A74281AC94B8C00B950A7 /* IMUserChatMessage.h */,
			);
			path = RecentContacts;
			sourceTree = "<group>";
		};
		046A74291AC94B8C00B950A7 /* UserPassword */ = {
			isa = PBXGroup;
			children = (
				046A742A1AC94B8C00B950A7 /* IMMyself+UserPassword.h */,
			);
			path = UserPassword;
			sourceTree = "<group>";
		};
		046A742B1AC94B8C00B950A7 /* UserRelations */ = {
			isa = PBXGroup;
			children = (
				046A742C1AC94B8C00B950A7 /* IMMyself+Relationship.h */,
			);
			path = UserRelations;
			sourceTree = "<group>";
		};
		046A742D1AC94B8C00B950A7 /* PublicUI */ = {
			isa = PBXGroup;
			children = (
				046A742E1AC94B8C00B950A7 /* AroundUsersView */,
				046A74301AC94B8C00B950A7 /* LoginView */,
				046A743A1AC94B8C00B950A7 /* RecentContactsView */,
				046A743D1AC94B8C00B950A7 /* UserChatView */,
			);
			path = PublicUI;
			sourceTree = "<group>";
		};
		046A742E1AC94B8C00B950A7 /* AroundUsersView */ = {
			isa = PBXGroup;
			children = (
				046A742F1AC94B8C00B950A7 /* IMAroundUsersView.h */,
			);
			path = AroundUsersView;
			sourceTree = "<group>";
		};
		046A74301AC94B8C00B950A7 /* LoginView */ = {
			isa = PBXGroup;
			children = (
				046A74311AC94B8C00B950A7 /* IM_login_background.png */,
				046A74321AC94B8C00B950A7 /* IM_login_checkOff.png */,
				046A74331AC94B8C00B950A7 /* IM_login_checkOn.png */,
				046A74341AC94B8C00B950A7 /* IM_login_key@2x.png */,
				046A74351AC94B8C00B950A7 /* IM_login_key_highlighted@2x.png */,
				046A74361AC94B8C00B950A7 /* IM_login_user@2x.png */,
				046A74371AC94B8C00B950A7 /* IM_login_user_highlighted@2x.png */,
				046A74381AC94B8C00B950A7 /* IM_loginBtn_background@2x.png */,
				046A74391AC94B8C00B950A7 /* IMLoginView.h */,
			);
			path = LoginView;
			sourceTree = "<group>";
		};
		046A743A1AC94B8C00B950A7 /* RecentContactsView */ = {
			isa = PBXGroup;
			children = (
				046A743B1AC94B8C00B950A7 /* IMRecentContactsView.h */,
				046A743C1AC94B8C00B950A7 /* IMRecentGroupsView.h */,
			);
			path = RecentContactsView;
			sourceTree = "<group>";
		};
		046A743D1AC94B8C00B950A7 /* UserChatView */ = {
			isa = PBXGroup;
			children = (
				046A743E1AC94B8C00B950A7 /* amp1.png */,
				046A743F1AC94B8C00B950A7 /* amp2.png */,
				046A74401AC94B8C00B950A7 /* amp3.png */,
				046A74411AC94B8C00B950A7 /* amp4.png */,
				046A74421AC94B8C00B950A7 /* amp5.png */,
				046A74431AC94B8C00B950A7 /* amp6.png */,
				046A74441AC94B8C00B950A7 /* amp7.png */,
				046A74451AC94B8C00B950A7 /* audio_cancel_icon.png */,
				046A74461AC94B8C00B950A7 /* audio_phone_icon.png */,
				046A74471AC94B8C00B950A7 /* DTFace_normal@2x.png */,
				046A74481AC94B8C00B950A7 /* DTFace_selected@2x.png */,
				046A74491AC94B8C00B950A7 /* DTImageMask@2x.png */,
				046A744A1AC94B8C00B950A7 /* DTKeyboard_normal@2x.png */,
				046A744B1AC94B8C00B950A7 /* DTKeyboard_selected@2x.png */,
				046A744C1AC94B8C00B950A7 /* DTMic_normal@2x.png */,
				046A744D1AC94B8C00B950A7 /* DTMore_normal@2x.png */,
				046A744E1AC94B8C00B950A7 /* DTMore_selected@2x.png */,
				046A744F1AC94B8C00B950A7 /* IM_audio_normal@2x.png */,
				046A74501AC94B8C00B950A7 /* IM_audio_play1@2x.png */,
				046A74511AC94B8C00B950A7 /* IM_audio_play2@2x.png */,
				046A74521AC94B8C00B950A7 /* IM_audio_play3@2x.png */,
				046A74531AC94B8C00B950A7 /* IM_camera_icon.png */,
				046A74541AC94B8C00B950A7 /* IM_chat_failed@2x.png */,
				046A74551AC94B8C00B950A7 /* IM_head_default.png */,
				046A74561AC94B8C00B950A7 /* IM_head_female.png */,
				046A74571AC94B8C00B950A7 /* IM_head_male.png */,
				046A74581AC94B8C00B950A7 /* IM_message_sending@2x.png */,
				046A74591AC94B8C00B950A7 /* IM_photo_default@2x.png */,
				046A745A1AC94B8C00B950A7 /* IM_picture_icon.png */,
				046A745B1AC94B8C00B950A7 /* IMChatView.h */,
				046A745C1AC94B8C00B950A7 /* IMGroupChatView.h */,
			);
			path = UserChatView;
			sourceTree = "<group>";
		};
		048A16EA1A51D14A008E941B /* BDKNotifyHUD */ = {
			isa = PBXGroup;
			children = (
				048A16EB1A51D14A008E941B /* BDKNotifyHUD.h */,
				048A16EC1A51D14A008E941B /* BDKNotifyHUD.m */,
			);
			path = BDKNotifyHUD;
			sourceTree = "<group>";
		};
		0493E85A1A820A41001EEB8A /* POAPinyin */ = {
			isa = PBXGroup;
			children = (
				0493E85B1A820A41001EEB8A /* pinyin.c */,
				0493E85C1A820A41001EEB8A /* pinyin.h */,
				0493E85D1A820A41001EEB8A /* POAPinyin.h */,
				0493E85E1A820A41001EEB8A /* POAPinyin.m */,
			);
			path = POAPinyin;
			sourceTree = "<group>";
		};
		04F0A6111A36995F004417CF = {
			isa = PBXGroup;
			children = (
				04F0A6231A36995F004417CF /* IMDeveloper */,
				04F0A61C1A36995F004417CF /* Frameworks */,
				04F0A61B1A36995F004417CF /* Products */,
			);
			sourceTree = "<group>";
		};
		04F0A61B1A36995F004417CF /* Products */ = {
			isa = PBXGroup;
			children = (
				04F0A61A1A36995F004417CF /* IMDeveloper.app */,
			);
			name = Products;
			sourceTree = "<group>";
		};
		04F0A61C1A36995F004417CF /* Frameworks */ = {
			isa = PBXGroup;
			children = (
				04F0A6A91A36AF3C004417CF /* SystemConfiguration.framework */,
				04F0A6A71A36AF21004417CF /* CoreLocation.framework */,
				04F0A6A51A36AF16004417CF /* CoreTelephony.framework */,
				04F0A6A31A36AF0D004417CF /* ImageIO.framework */,
				04F0A6A11A36AF03004417CF /* QuartzCore.framework */,
				04F0A61D1A36995F004417CF /* Foundation.framework */,
				04F0A61F1A36995F004417CF /* CoreGraphics.framework */,
				04F0A6211A36995F004417CF /* UIKit.framework */,
				04F0A6361A36995F004417CF /* XCTest.framework */,
			);
			name = Frameworks;
			sourceTree = "<group>";
		};
		04F0A6231A36995F004417CF /* IMDeveloper */ = {
			isa = PBXGroup;
			children = (
				046A740E1AC94B8C00B950A7 /* Release-iphonesimulator */,
				04F0A62C1A36995F004417CF /* IMAppDelegate.h */,
				04F0A62D1A36995F004417CF /* IMAppDelegate.m */,
				04F0A6D01A36B868004417CF /* IMDefine.h */,
				04F17FAF1A66207F0020EFE1 /* IMSDKManager.h */,
				04F17FB01A66207F0020EFE1 /* IMSDKManager.m */,
				044CF4981A381FAE004A641F /* IMModel */,
				044CF4801A37EC2C004A641F /* IMThirdParty */,
				04F0A6F21A36F7EE004417CF /* IMCommonFile */,
				04F0A6B21A36B0CD004417CF /* IMViewControllers */,
				04F0A62F1A36995F004417CF /* Images.xcassets */,
				04F0A6241A36995F004417CF /* Supporting Files */,
			);
			path = IMDeveloper;
			sourceTree = "<group>";
		};
		04F0A6241A36995F004417CF /* Supporting Files */ = {
			isa = PBXGroup;
			children = (
				04F0A6D11A36F60A004417CF /* Images */,
				04F0A6251A36995F004417CF /* IMDeveloper-Info.plist */,
				04F0A6261A36995F004417CF /* InfoPlist.strings */,
				04F0A6291A36995F004417CF /* main.m */,
				04F0A62B1A36995F004417CF /* IMDeveloper-Prefix.pch */,
				04173D421A4128350012E133 /* Localizable.strings */,
			);
			name = "Supporting Files";
			sourceTree = "<group>";
		};
		04F0A6B21A36B0CD004417CF /* IMViewControllers */ = {
			isa = PBXGroup;
			children = (
				04F0A6B31A36B0CD004417CF /* Around */,
				04F0A6B41A36B0CD004417CF /* Conversation */,
				04F0A6C41A36B44F004417CF /* Contact */,
				04F0A6B51A36B0CD004417CF /* Dialog */,
				04F0A6B61A36B0CD004417CF /* Login */,
				04F0A6B91A36B0CD004417CF /* Setting */,
				044CF48D1A3801A3004A641F /* Users */,
				04387CDC1A4A7D83006CBA8E /* Groups */,
				04F0A6BB1A36B177004417CF /* IMRootViewController.h */,
				04F0A6BC1A36B177004417CF /* IMRootViewController.m */,
				04F0A6BE1A36B18F004417CF /* IMBaseViewController.h */,
				04F0A6BF1A36B18F004417CF /* IMBaseViewController.m */,
			);
			path = IMViewControllers;
			sourceTree = "<group>";
		};
		04F0A6B31A36B0CD004417CF /* Around */ = {
			isa = PBXGroup;
			children = (
				04F0A6C81A36B480004417CF /* IMAroundViewController.h */,
				04F0A6C91A36B480004417CF /* IMAroundViewController.m */,
				048807AA1A3EC76300F2C7DF /* IMAroundViewCell.h */,
				048807AB1A3EC76300F2C7DF /* IMAroundViewCell.m */,
			);
			path = Around;
			sourceTree = "<group>";
		};
		04F0A6B41A36B0CD004417CF /* Conversation */ = {
			isa = PBXGroup;
			children = (
				04F0A6C11A36B3AA004417CF /* IMConversationViewController.h */,
				04F0A6C21A36B3AA004417CF /* IMConversationViewController.m */,
			);
			path = Conversation;
			sourceTree = "<group>";
		};
		04F0A6B51A36B0CD004417CF /* Dialog */ = {
			isa = PBXGroup;
			children = (
				04A5EA5D1A384C6700BD29C9 /* IMUserDialogViewController.h */,
				04A5EA5E1A384C6700BD29C9 /* IMUserDialogViewController.m */,
				046CA9361A497E2700C68A55 /* IMGroupDialogViewController.h */,
				046CA9371A497E2700C68A55 /* IMGroupDialogViewController.m */,
			);
			path = Dialog;
			sourceTree = "<group>";
		};
		04F0A6B61A36B0CD004417CF /* Login */ = {
			isa = PBXGroup;
			children = (
				04F0A6B71A36B0CD004417CF /* IMLoginViewController.h */,
				04F0A6B81A36B0CD004417CF /* IMLoginViewController.m */,
			);
			path = Login;
			sourceTree = "<group>";
		};
		04F0A6B91A36B0CD004417CF /* Setting */ = {
			isa = PBXGroup;
			children = (
				04F0A6CB1A36B496004417CF /* IMSettingViewController.h */,
				04F0A6CC1A36B496004417CF /* IMSettingViewController.m */,
				044F72E21A3ACD02003BDD96 /* IMSettingTableViewCell.h */,
				044F72E31A3ACD02003BDD96 /* IMSettingTableViewCell.m */,
				049A22171A3A03FA0025602F /* IMMyselfInfoViewController.h */,
				049A22181A3A03FA0025602F /* IMMyselfInfoViewController.m */,
				049A221A1A3A0A540025602F /* IMMyselfInfoTableViewCell.h */,
				049A221B1A3A0A540025602F /* IMMyselfInfoTableViewCell.m */,
				044F73381A3AD0CC003BDD96 /* IMMyselfInfoEditViewController.h */,
				044F73391A3AD0CC003BDD96 /* IMMyselfInfoEditViewController.m */,
				044F733F1A3B0A1B003BDD96 /* IMModifyPasswordViewController.h */,
				044F73401A3B0A1B003BDD96 /* IMModifyPasswordViewController.m */,
				048D25751A51089600C04C22 /* IMBlackListViewController.h */,
				048D25761A51089600C04C22 /* IMBlackListViewController.m */,
				04FCC0631ABFB1A8006F286F /* IMVersionInformationViewController.h */,
				04FCC0641ABFB1A8006F286F /* IMVersionInformationViewController.m */,
			);
			path = Setting;
			sourceTree = "<group>";
		};
		04F0A6C41A36B44F004417CF /* Contact */ = {
			isa = PBXGroup;
			children = (
				04F0A6C51A36B471004417CF /* IMContactViewController.h */,
				04F0A6C61A36B471004417CF /* IMContactViewController.m */,
				047CFB721A399BB100A9619E /* IMContactTableViewCell.h */,
				047CFB731A399BB100A9619E /* IMContactTableViewCell.m */,
				044CF4861A37F1A7004A641F /* IMSearchUserViewController.h */,
				044CF4871A37F1A7004A641F /* IMSearchUserViewController.m */,
			);
			path = Contact;
			sourceTree = "<group>";
		};
		04F0A6D11A36F60A004417CF /* Images */ = {
			isa = PBXGroup;
			children = (
				04B45D3E1A4726D70094A85D /* icon_29.png */,
				04B45D3F1A4726D70094A85D /* icon_58.png */,
				04B45D401A4726D70094A85D /* icon_80.png */,
				04173D341A4123BD0012E133 /* Default-568h.png */,
				04173D351A4123BD0012E133 /* Default.png */,
				04173D361A4123BD0012E133 /* icon.png */,
				04173D371A4123BD0012E133 /* icon@2x.png */,
				04173D381A4123BD0012E133 /* icon_120.png */,
				044F733B1A3AD978003BDD96 /* IM_login_background.png */,
				044F733D1A3ADAEC003BDD96 /* IM_loginBtn_background.png */,
				04F0A6D21A36F60A004417CF /* IM_more_normal@2x.png */,
				04F0A6D31A36F60A004417CF /* IM_around_normal@2x.png */,
				04F0A6D41A36F60A004417CF /* IM_around_selected@2x.png */,
				04F0A6D51A36F60A004417CF /* IM_contact_normal@2x.png */,
				04F0A6D61A36F60A004417CF /* IM_contact_selected@2x.png */,
				04F0A6D71A36F60A004417CF /* IM_conversation_normal@2x.png */,
				04F0A6D81A36F60A004417CF /* IM_conversation_selected@2x.png */,
				04F0A6D91A36F60A004417CF /* IM_setting_normal@2x.png */,
				04F0A6DA1A36F60A004417CF /* IM_setting_selected@2x.png */,
				04F0A6DC1A36F60A004417CF /* IM_keyboard_normal@2x.png */,
				04F0A6DF1A36F60A004417CF /* IM_face_normal@2x.png */,
				04F0A6E11A36F60A004417CF /* IM_mic_normal@2x.png */,
				04D0FA631A4BF0F8004434F0 /* IM_delete_member.png */,
				0449968B1A56576600C5A911 /* IM_alert_image@2x.png */,
				044996911A56576600C5A911 /* IM_failed_image@2x.png */,
				044996921A56576600C5A911 /* IM_success_image@2x.png */,
			);
			path = Images;
			sourceTree = "<group>";
		};
		04F0A6F21A36F7EE004417CF /* IMCommonFile */ = {
			isa = PBXGroup;
			children = (
				04F0A6F31A36F8C1004417CF /* UIImage+IM.h */,
				04F0A6F41A36F8C1004417CF /* UIImage+IM.m */,
				044CF4911A3805E3004A641F /* UIView+IM.h */,
				044CF4921A3805E3004A641F /* UIView+IM.m */,
				04A5EA6B1A394E7100BD29C9 /* NSString+IM.h */,
				04A5EA6C1A394E7100BD29C9 /* NSString+IM.m */,
			);
			path = IMCommonFile;
			sourceTree = "<group>";
		};
/* End PBXGroup section */

/* Begin PBXNativeTarget section */
		04F0A6191A36995F004417CF /* IMDeveloper */ = {
			isa = PBXNativeTarget;
			buildConfigurationList = 04F0A6461A36995F004417CF /* Build configuration list for PBXNativeTarget "IMDeveloper" */;
			buildPhases = (
				04F0A6161A36995F004417CF /* Sources */,
				04F0A6171A36995F004417CF /* Frameworks */,
				04F0A6181A36995F004417CF /* Resources */,
			);
			buildRules = (
			);
			dependencies = (
			);
			name = IMDeveloper;
			productName = IMDeveloper;
			productReference = 04F0A61A1A36995F004417CF /* IMDeveloper.app */;
			productType = "com.apple.product-type.application";
		};
/* End PBXNativeTarget section */

/* Begin PBXProject section */
		04F0A6121A36995F004417CF /* Project object */ = {
			isa = PBXProject;
			attributes = {
				CLASSPREFIX = IM;
				LastUpgradeCheck = 0610;
				ORGANIZATIONNAME = IMSDK;
				TargetAttributes = {
					04F0A6191A36995F004417CF = {
						DevelopmentTeam = ZK6L2NRG5V;
						SystemCapabilities = {
							com.apple.InterAppAudio = {
								enabled = 0;
							};
						};
					};
				};
			};
			buildConfigurationList = 04F0A6151A36995F004417CF /* Build configuration list for PBXProject "IMDeveloper" */;
			compatibilityVersion = "Xcode 3.2";
			developmentRegion = English;
			hasScannedForEncodings = 0;
			knownRegions = (
				en,
				"zh-Hans",
			);
			mainGroup = 04F0A6111A36995F004417CF;
			productRefGroup = 04F0A61B1A36995F004417CF /* Products */;
			projectDirPath = "";
			projectRoot = "";
			targets = (
				04F0A6191A36995F004417CF /* IMDeveloper */,
			);
		};
/* End PBXProject section */

/* Begin PBXResourcesBuildPhase section */
		04F0A6181A36995F004417CF /* Resources */ = {
			isa = PBXResourcesBuildPhase;
			buildActionMask = 2147483647;
			files = (
				04F0A6E31A36F60A004417CF /* IM_around_normal@2x.png in Resources */,
				04F0A6E61A36F60A004417CF /* IM_contact_selected@2x.png in Resources */,
				04B45D411A4726D70094A85D /* icon_29.png in Resources */,
				04F0A6E71A36F60A004417CF /* IM_conversation_normal@2x.png in Resources */,
				04F0A6281A36995F004417CF /* InfoPlist.strings in Resources */,
				046A74751AC94B8C00B950A7 /* DTMore_normal@2x.png in Resources */,
				04F0A6EF1A36F60A004417CF /* IM_face_normal@2x.png in Resources */,
				046A74641AC94B8C00B950A7 /* IM_login_user_highlighted@2x.png in Resources */,
				04173D3C1A4123BD0012E133 /* icon@2x.png in Resources */,
				046A74791AC94B8C00B950A7 /* IM_audio_play2@2x.png in Resources */,
				04F0A6E41A36F60A004417CF /* IM_around_selected@2x.png in Resources */,
				046A74621AC94B8C00B950A7 /* IM_login_key_highlighted@2x.png in Resources */,
				046A74731AC94B8C00B950A7 /* DTKeyboard_selected@2x.png in Resources */,
				046A747E1AC94B8C00B950A7 /* IM_head_female.png in Resources */,
				046A74611AC94B8C00B950A7 /* IM_login_key@2x.png in Resources */,
				04F0A6E91A36F60A004417CF /* IM_setting_normal@2x.png in Resources */,
				046A746C1AC94B8C00B950A7 /* amp7.png in Resources */,
				046A74661AC94B8C00B950A7 /* amp1.png in Resources */,
				046A747A1AC94B8C00B950A7 /* IM_audio_play3@2x.png in Resources */,
				046A745F1AC94B8C00B950A7 /* IM_login_checkOff.png in Resources */,
				046A747C1AC94B8C00B950A7 /* IM_chat_failed@2x.png in Resources */,
				046A747D1AC94B8C00B950A7 /* IM_head_default.png in Resources */,
				044996951A56576600C5A911 /* IM_alert_image@2x.png in Resources */,
				046A74801AC94B8C00B950A7 /* IM_message_sending@2x.png in Resources */,
				046A74771AC94B8C00B950A7 /* IM_audio_normal@2x.png in Resources */,
				046A74741AC94B8C00B950A7 /* DTMic_normal@2x.png in Resources */,
				046A746F1AC94B8C00B950A7 /* DTFace_normal@2x.png in Resources */,
				04D0FA641A4BF0F8004434F0 /* IM_delete_member.png in Resources */,
				046A745E1AC94B8C00B950A7 /* IM_login_background.png in Resources */,
				04F0A6E81A36F60A004417CF /* IM_conversation_selected@2x.png in Resources */,
				04F0A6301A36995F004417CF /* Images.xcassets in Resources */,
				046A74631AC94B8C00B950A7 /* IM_login_user@2x.png in Resources */,
				046A746D1AC94B8C00B950A7 /* audio_cancel_icon.png in Resources */,
				046A746A1AC94B8C00B950A7 /* amp5.png in Resources */,
				046A74601AC94B8C00B950A7 /* IM_login_checkOn.png in Resources */,
				046A746E1AC94B8C00B950A7 /* audio_phone_icon.png in Resources */,
				0449969C1A56576600C5A911 /* IM_success_image@2x.png in Resources */,
				046A74781AC94B8C00B950A7 /* IM_audio_play1@2x.png in Resources */,
				04F0A6EC1A36F60A004417CF /* IM_keyboard_normal@2x.png in Resources */,
				04B45D421A4726D70094A85D /* icon_58.png in Resources */,
				046A74651AC94B8C00B950A7 /* IM_loginBtn_background@2x.png in Resources */,
				0449969B1A56576600C5A911 /* IM_failed_image@2x.png in Resources */,
				04B45D431A4726D70094A85D /* icon_80.png in Resources */,
				044F733C1A3AD978003BDD96 /* IM_login_background.png in Resources */,
				04173D401A4128350012E133 /* Localizable.strings in Resources */,
				046A74721AC94B8C00B950A7 /* DTKeyboard_normal@2x.png in Resources */,
				046A74701AC94B8C00B950A7 /* DTFace_selected@2x.png in Resources */,
				04173D3B1A4123BD0012E133 /* icon.png in Resources */,
				046A747F1AC94B8C00B950A7 /* IM_head_male.png in Resources */,
				046A74711AC94B8C00B950A7 /* DTImageMask@2x.png in Resources */,
				04173D3A1A4123BD0012E133 /* Default.png in Resources */,
				04173D3D1A4123BD0012E133 /* icon_120.png in Resources */,
				046A74671AC94B8C00B950A7 /* amp2.png in Resources */,
				044F733E1A3ADAEC003BDD96 /* IM_loginBtn_background.png in Resources */,
				046A747B1AC94B8C00B950A7 /* IM_camera_icon.png in Resources */,
				046A74821AC94B8C00B950A7 /* IM_picture_icon.png in Resources */,
				046A746B1AC94B8C00B950A7 /* amp6.png in Resources */,
				04F0A6F11A36F60A004417CF /* IM_mic_normal@2x.png in Resources */,
				04F0A6EA1A36F60A004417CF /* IM_setting_selected@2x.png in Resources */,
				046A74681AC94B8C00B950A7 /* amp3.png in Resources */,
				04173D391A4123BD0012E133 /* Default-568h.png in Resources */,
				04F0A6E21A36F60A004417CF /* IM_more_normal@2x.png in Resources */,
				046A74691AC94B8C00B950A7 /* amp4.png in Resources */,
				046A74811AC94B8C00B950A7 /* IM_photo_default@2x.png in Resources */,
				046A74761AC94B8C00B950A7 /* DTMore_selected@2x.png in Resources */,
				04F0A6E51A36F60A004417CF /* IM_contact_normal@2x.png in Resources */,
			);
			runOnlyForDeploymentPostprocessing = 0;
		};
/* End PBXResourcesBuildPhase section */

/* Begin PBXSourcesBuildPhase section */
		04F0A6161A36995F004417CF /* Sources */ = {
			isa = PBXSourcesBuildPhase;
			buildActionMask = 2147483647;
			files = (
				04387CE21A4A7DA8006CBA8E /* IMGroupInfoViewController.m in Sources */,
				049A22191A3A03FA0025602F /* IMMyselfInfoViewController.m in Sources */,
				04387CE81A4AA4DB006CBA8E /* IMHeadIcon.m in Sources */,
				044CF4A41A384243004A641F /* IMFriendRequestViewController.m in Sources */,
				044CF4931A3805E3004A641F /* UIView+IM.m in Sources */,
				0493E8601A820A41001EEB8A /* POAPinyin.m in Sources */,
				044CF4901A3801C6004A641F /* IMUserInformationViewController.m in Sources */,
				044F72E41A3ACD02003BDD96 /* IMSettingTableViewCell.m in Sources */,
				047CFB741A399BB100A9619E /* IMContactTableViewCell.m in Sources */,
				04F0A6BA1A36B0CD004417CF /* IMLoginViewController.m in Sources */,
				04B059B31A4C6E940013D368 /* IMSearchMemberViewController.m in Sources */,
				048D25771A51089600C04C22 /* IMBlackListViewController.m in Sources */,
				04387CE51A4AA3ED006CBA8E /* IMGroupMemberHeadersView.m in Sources */,
				044CF4881A37F1A7004A641F /* IMSearchUserViewController.m in Sources */,
				04F0A6CA1A36B480004417CF /* IMAroundViewController.m in Sources */,
				04A5EA5F1A384C6700BD29C9 /* IMUserDialogViewController.m in Sources */,
				04F0A6C71A36B471004417CF /* IMContactViewController.m in Sources */,
				04D0FA6D1A4C239D004434F0 /* IMGroupInfoEditViewController.m in Sources */,
				04F0A6C31A36B3AA004417CF /* IMConversationViewController.m in Sources */,
				04F0A6CD1A36B496004417CF /* IMSettingViewController.m in Sources */,
				048807AC1A3EC76300F2C7DF /* IMAroundViewCell.m in Sources */,
				04D0FA6A1A4C0422004434F0 /* IMAddGroupMemberViewController.m in Sources */,
				04FCC0651ABFB1A8006F286F /* IMVersionInformationViewController.m in Sources */,
				044F733A1A3AD0CC003BDD96 /* IMMyselfInfoEditViewController.m in Sources */,
				044F73411A3B0A1B003BDD96 /* IMModifyPasswordViewController.m in Sources */,
				049A221C1A3A0A540025602F /* IMMyselfInfoTableViewCell.m in Sources */,
				0493E85F1A820A41001EEB8A /* pinyin.c in Sources */,
				044CF4841A37EC2C004A641F /* SFCountdownView.m in Sources */,
				04F0A6F51A36F8C1004417CF /* UIImage+IM.m in Sources */,
				048A16ED1A51D14A008E941B /* BDKNotifyHUD.m in Sources */,
				04F0A62E1A36995F004417CF /* IMAppDelegate.m in Sources */,
				04F0A6BD1A36B177004417CF /* IMRootViewController.m in Sources */,
				044CF49B1A381FAE004A641F /* IMUserInfo.m in Sources */,
				04387CDF1A4A7D83006CBA8E /* IMGroupListViewController.m in Sources */,
				04F0A6C01A36B18F004417CF /* IMBaseViewController.m in Sources */,
				0449DBB01A51732400A19BBC /* MBProgressHUD.m in Sources */,
				04752E8A1A4D46F000484C96 /* IMCreateGroupViewController.m in Sources */,
				046CA9381A497E2700C68A55 /* IMGroupDialogViewController.m in Sources */,
				04A5EA6D1A394E7100BD29C9 /* NSString+IM.m in Sources */,
				04F17FB11A66207F0020EFE1 /* IMSDKManager.m in Sources */,
				04F0A62A1A36995F004417CF /* main.m in Sources */,
			);
			runOnlyForDeploymentPostprocessing = 0;
		};
/* End PBXSourcesBuildPhase section */

/* Begin PBXVariantGroup section */
		04173D421A4128350012E133 /* Localizable.strings */ = {
			isa = PBXVariantGroup;
			children = (
				04173D411A4128350012E133 /* en */,
				04173D441A4128A90012E133 /* zh-Hans */,
			);
			name = Localizable.strings;
			sourceTree = "<group>";
		};
		04F0A6261A36995F004417CF /* InfoPlist.strings */ = {
			isa = PBXVariantGroup;
			children = (
				04F0A6271A36995F004417CF /* en */,
				04173D431A4128A90012E133 /* zh-Hans */,
			);
			name = InfoPlist.strings;
			sourceTree = "<group>";
		};
/* End PBXVariantGroup section */

/* Begin XCBuildConfiguration section */
		04F0A6441A36995F004417CF /* Debug */ = {
			isa = XCBuildConfiguration;
			buildSettings = {
				ALWAYS_SEARCH_USER_PATHS = NO;
				CLANG_CXX_LANGUAGE_STANDARD = "gnu++0x";
				CLANG_CXX_LIBRARY = "libc++";
				CLANG_ENABLE_MODULES = YES;
				CLANG_ENABLE_OBJC_ARC = YES;
				CLANG_WARN_BOOL_CONVERSION = YES;
				CLANG_WARN_CONSTANT_CONVERSION = YES;
				CLANG_WARN_DIRECT_OBJC_ISA_USAGE = YES_ERROR;
				CLANG_WARN_EMPTY_BODY = YES;
				CLANG_WARN_ENUM_CONVERSION = YES;
				CLANG_WARN_INT_CONVERSION = YES;
				CLANG_WARN_OBJC_ROOT_CLASS = YES_ERROR;
				CLANG_WARN__DUPLICATE_METHOD_MATCH = YES;
				"CODE_SIGN_IDENTITY[sdk=iphoneos*]" = "iPhone Developer";
				COPY_PHASE_STRIP = NO;
				GCC_C_LANGUAGE_STANDARD = gnu99;
				GCC_DYNAMIC_NO_PIC = NO;
				GCC_OPTIMIZATION_LEVEL = 0;
				GCC_PREPROCESSOR_DEFINITIONS = (
					"DEBUG=1",
					"$(inherited)",
				);
				GCC_SYMBOLS_PRIVATE_EXTERN = NO;
				GCC_WARN_64_TO_32_BIT_CONVERSION = YES;
				GCC_WARN_ABOUT_RETURN_TYPE = YES_ERROR;
				GCC_WARN_UNDECLARED_SELECTOR = YES;
				GCC_WARN_UNINITIALIZED_AUTOS = YES_AGGRESSIVE;
				GCC_WARN_UNUSED_FUNCTION = YES;
				GCC_WARN_UNUSED_VARIABLE = YES;
				IPHONEOS_DEPLOYMENT_TARGET = 7.0;
				ONLY_ACTIVE_ARCH = YES;
				SDKROOT = iphoneos;
			};
			name = Debug;
		};
		04F0A6451A36995F004417CF /* Release */ = {
			isa = XCBuildConfiguration;
			buildSettings = {
				ALWAYS_SEARCH_USER_PATHS = NO;
				CLANG_CXX_LANGUAGE_STANDARD = "gnu++0x";
				CLANG_CXX_LIBRARY = "libc++";
				CLANG_ENABLE_MODULES = YES;
				CLANG_ENABLE_OBJC_ARC = YES;
				CLANG_WARN_BOOL_CONVERSION = YES;
				CLANG_WARN_CONSTANT_CONVERSION = YES;
				CLANG_WARN_DIRECT_OBJC_ISA_USAGE = YES_ERROR;
				CLANG_WARN_EMPTY_BODY = YES;
				CLANG_WARN_ENUM_CONVERSION = YES;
				CLANG_WARN_INT_CONVERSION = YES;
				CLANG_WARN_OBJC_ROOT_CLASS = YES_ERROR;
				CLANG_WARN__DUPLICATE_METHOD_MATCH = YES;
				"CODE_SIGN_IDENTITY[sdk=iphoneos*]" = "iPhone Developer";
				COPY_PHASE_STRIP = YES;
				ENABLE_NS_ASSERTIONS = NO;
				GCC_C_LANGUAGE_STANDARD = gnu99;
				GCC_WARN_64_TO_32_BIT_CONVERSION = YES;
				GCC_WARN_ABOUT_RETURN_TYPE = YES_ERROR;
				GCC_WARN_UNDECLARED_SELECTOR = YES;
				GCC_WARN_UNINITIALIZED_AUTOS = YES_AGGRESSIVE;
				GCC_WARN_UNUSED_FUNCTION = YES;
				GCC_WARN_UNUSED_VARIABLE = YES;
				IPHONEOS_DEPLOYMENT_TARGET = 7.0;
				SDKROOT = iphoneos;
				VALIDATE_PRODUCT = YES;
			};
			name = Release;
		};
		04F0A6471A36995F004417CF /* Debug */ = {
			isa = XCBuildConfiguration;
			buildSettings = {
				ARCHS = (
					armv7,
					armv7s,
					arm64,
				);
				ASSETCATALOG_COMPILER_APPICON_NAME = "AppIcon-2";
				ASSETCATALOG_COMPILER_LAUNCHIMAGE_NAME = LaunchImage;
				CODE_SIGN_IDENTITY = "iPhone Developer";
				"CODE_SIGN_IDENTITY[sdk=iphoneos*]" = "iPhone Developer";
				GCC_PRECOMPILE_PREFIX_HEADER = YES;
				GCC_PREFIX_HEADER = "IMDeveloper/IMDeveloper-Prefix.pch";
				INFOPLIST_FILE = "IMDeveloper/IMDeveloper-Info.plist";
				IPHONEOS_DEPLOYMENT_TARGET = 6.0;
				LIBRARY_SEARCH_PATHS = "$(PROJECT_DIR)/IMDeveloper/Release-iphonesimulator";
				ONLY_ACTIVE_ARCH = NO;
				OTHER_LDFLAGS = (
					"-ObjC",
					"-licucore",
				);
				PRODUCT_NAME = "$(TARGET_NAME)";
				PROVISIONING_PROFILE = "";
				VALID_ARCHS = "armv7 armv7s arm64";
				WRAPPER_EXTENSION = app;
			};
			name = Debug;
		};
		04F0A6481A36995F004417CF /* Release */ = {
			isa = XCBuildConfiguration;
			buildSettings = {
				ARCHS = (
					armv7,
					armv7s,
					arm64,
				);
				ASSETCATALOG_COMPILER_APPICON_NAME = "AppIcon-2";
				ASSETCATALOG_COMPILER_LAUNCHIMAGE_NAME = LaunchImage;
				CODE_SIGN_IDENTITY = "iPhone Developer";
				"CODE_SIGN_IDENTITY[sdk=iphoneos*]" = "iPhone Developer";
				GCC_PRECOMPILE_PREFIX_HEADER = YES;
				GCC_PREFIX_HEADER = "IMDeveloper/IMDeveloper-Prefix.pch";
				INFOPLIST_FILE = "IMDeveloper/IMDeveloper-Info.plist";
				IPHONEOS_DEPLOYMENT_TARGET = 6.0;
				LIBRARY_SEARCH_PATHS = "$(PROJECT_DIR)/IMDeveloper/Release-iphonesimulator";
				ONLY_ACTIVE_ARCH = NO;
				OTHER_LDFLAGS = (
					"-ObjC",
					"-licucore",
				);
				PRODUCT_NAME = "$(TARGET_NAME)";
				PROVISIONING_PROFILE = "";
				VALID_ARCHS = "armv7 armv7s arm64";
				WRAPPER_EXTENSION = app;
			};
			name = Release;
		};
/* End XCBuildConfiguration section */

/* Begin XCConfigurationList section */
		04F0A6151A36995F004417CF /* Build configuration list for PBXProject "IMDeveloper" */ = {
			isa = XCConfigurationList;
			buildConfigurations = (
				04F0A6441A36995F004417CF /* Debug */,
				04F0A6451A36995F004417CF /* Release */,
			);
			defaultConfigurationIsVisible = 0;
			defaultConfigurationName = Release;
		};
		04F0A6461A36995F004417CF /* Build configuration list for PBXNativeTarget "IMDeveloper" */ = {
			isa = XCConfigurationList;
			buildConfigurations = (
				04F0A6471A36995F004417CF /* Debug */,
				04F0A6481A36995F004417CF /* Release */,
			);
			defaultConfigurationIsVisible = 0;
			defaultConfigurationName = Release;
		};
/* End XCConfigurationList section */
	};
	rootObject = 04F0A6121A36995F004417CF /* Project object */;
}
